
Microsoft Visual Studio Solution File, Format Version 12.00
# Visual Studio Version 17
VisualStudioVersion = 17.0.31903.59
MinimumVisualStudioVersion = 15.0.26124.0
Project("{D954291E-2A0B-460D-934E-DC6B0785DB48}") = "DRE.Shared", "DRE.Shared\DRE.Shared.shproj", "{6279C845-92F8-4333-AB99-3D213163593C}"
EndProject
Project("{2150E333-8FDC-42A3-9474-1A3956D46DE8}") = "Platforms", "Platforms", "{B33CA1B4-44EE-4E67-ACF2-8DD48F6F5423}"
EndProject
Project("{9A19103F-16F7-4668-BE54-9A1E7A4F7556}") = "DRE.Skia.Gtk", "DRE.Skia.Gtk\DRE.Skia.Gtk.csproj", "{E05DB577-91A2-438F-9F53-5EFA29DA9D8D}"
EndProject
Project("{9A19103F-16F7-4668-BE54-9A1E7A4F7556}") = "DRE.Skia.WPF", "DRE.Skia.WPF\DRE.Skia.WPF.csproj", "{C37AB4BC-83EF-408D-BB63-FB8BFECA173C}"
EndProject
Project("{9A19103F-16F7-4668-BE54-9A1E7A4F7556}") = "DRE.Skia.Wpf.Host", "DRE.Skia.WPF.Host\DRE.Skia.Wpf.Host.csproj", "{F589BF22-3484-4C68-B7E2-4583E0CEE3B7}"
EndProject
Project("{9A19103F-16F7-4668-BE54-9A1E7A4F7556}") = "DRE.Windows.Desktop", "DRE.Windows.Desktop\DRE.Windows.Desktop.csproj", "{EC120F62-BA08-40DC-9760-6774B6A956A6}"
EndProject
Project("{C7167F0D-BC9F-4E6E-AFE1-012C56B48DB5}") = "DRE.Windows.Package", "DRE.Windows.Package\DRE.Windows.Package.wapproj", "{53611E66-5396-43B9-97C2-DE99465DFFC0}"
EndProject
Project("{2150E333-8FDC-42A3-9474-1A3956D46DE8}") = "Tests", "Tests", "{A9E58E42-F1A9-48BC-B774-40F7EE26D851}"
EndProject
Project("{9A19103F-16F7-4668-BE54-9A1E7A4F7556}") = "DRE.Tests", "DRE.Tests\DRE.Tests.csproj", "{04E18E4A-4F8D-44C0-829E-8597BE4A4882}"
EndProject
Project("{FAE04EC0-301F-11D3-BF4B-00C04F79EFBC}") = "DRE.Uwp", "..\DRE.Uwp\DRE.Uwp.csproj", "{D44259AC-A2CB-454D-A28E-71D8EC230E51}"
EndProject
Project("{2150E333-8FDC-42A3-9474-1A3956D46DE8}") = "Libs", "Libs", "{2D2FA44C-3978-4BAD-A900-D5C5CD0CBC7E}"
EndProject
Project("{FAE04EC0-301F-11D3-BF4B-00C04F79EFBC}") = "DRE.Libs.Setup", "DRE.Libs.Setup\DRE.Libs.Setup.csproj", "{28315C83-4516-42D3-9CD8-4EB4CDAB054E}"
EndProject
Project("{FAE04EC0-301F-11D3-BF4B-00C04F79EFBC}") = "DRE.Libs.Lng", "DRE.Libs.Lng\DRE.Libs.Lng.csproj", "{6B167CF1-E013-4F82-986F-D5FB6186DA4C}"
EndProject
Project("{FAE04EC0-301F-11D3-BF4B-00C04F79EFBC}") = "DRE.Libs.Bpa", "DRE.Libs.Bpa\DRE.Libs.Bpa.csproj", "{20C159CB-3D22-495A-ABFD-BED0D2D3509F}"
EndProject
Project("{FAE04EC0-301F-11D3-BF4B-00C04F79EFBC}") = "DRE.Libs.Trk", "Dre.Libs.Trk\DRE.Libs.Trk.csproj", "{52CD3282-385B-43BA-9ECB-572ECC28F956}"
EndProject
Project("{FAE04EC0-301F-11D3-BF4B-00C04F79EFBC}") = "DRE.Libs.Cfg", "DRE.Libs.Cfg\DRE.Libs.Cfg.csproj", "{BD705AE8-C6AC-42DD-B7F5-4E9D7E9AF6CF}"
EndProject
Project("{FAE04EC0-301F-11D3-BF4B-00C04F79EFBC}") = "DRE.Libs.Haf", "DRE.Libs.Haf\DRE.Libs.Haf.csproj", "{78526E29-C4C4-4771-BAA6-115C99978C71}"
EndProject
Project("{FAE04EC0-301F-11D3-BF4B-00C04F79EFBC}") = "DRE.Libs.SaveGame", "DRE.Libs.SaveGame\DRE.Libs.SaveGame.csproj", "{EC91DD31-E39C-4D6C-BD26-1D70E0B396AE}"
EndProject
Global
	GlobalSection(SharedMSBuildProjectFiles) = preSolution
		DRE.Shared\DRE.Shared.projitems*{6279c845-92f8-4333-ab99-3d213163593c}*SharedItemsImports = 13
		DRE.Shared\DRE.Shared.projitems*{c37ab4bc-83ef-408d-bb63-fb8bfeca173c}*SharedItemsImports = 5
		DRE.Shared\DRE.Shared.projitems*{e05db577-91a2-438f-9f53-5efa29da9d8d}*SharedItemsImports = 5
		DRE.Shared\DRE.Shared.projitems*{ec120f62-ba08-40dc-9760-6774b6a956a6}*SharedItemsImports = 5
	EndGlobalSection
	GlobalSection(SolutionConfigurationPlatforms) = preSolution
		Ad-Hoc|Any CPU = Ad-Hoc|Any CPU
		Ad-Hoc|ARM = Ad-Hoc|ARM
		Ad-Hoc|ARM64 = Ad-Hoc|ARM64
		Ad-Hoc|iPhone = Ad-Hoc|iPhone
		Ad-Hoc|iPhoneSimulator = Ad-Hoc|iPhoneSimulator
		Ad-Hoc|x64 = Ad-Hoc|x64
		Ad-Hoc|x86 = Ad-Hoc|x86
		AppStore|Any CPU = AppStore|Any CPU
		AppStore|ARM = AppStore|ARM
		AppStore|ARM64 = AppStore|ARM64
		AppStore|iPhone = AppStore|iPhone
		AppStore|iPhoneSimulator = AppStore|iPhoneSimulator
		AppStore|x64 = AppStore|x64
		AppStore|x86 = AppStore|x86
		Debug|Any CPU = Debug|Any CPU
		Debug|ARM = Debug|ARM
		Debug|ARM64 = Debug|ARM64
		Debug|iPhone = Debug|iPhone
		Debug|iPhoneSimulator = Debug|iPhoneSimulator
		Debug|x64 = Debug|x64
		Debug|x86 = Debug|x86
		Release|Any CPU = Release|Any CPU
		Release|ARM = Release|ARM
		Release|ARM64 = Release|ARM64
		Release|iPhone = Release|iPhone
		Release|iPhoneSimulator = Release|iPhoneSimulator
		Release|x64 = Release|x64
		Release|x86 = Release|x86
	EndGlobalSection
	GlobalSection(ProjectConfigurationPlatforms) = postSolution
		{E05DB577-91A2-438F-9F53-5EFA29DA9D8D}.Ad-Hoc|Any CPU.ActiveCfg = Debug|Any CPU
		{E05DB577-91A2-438F-9F53-5EFA29DA9D8D}.Ad-Hoc|Any CPU.Build.0 = Debug|Any CPU
		{E05DB577-91A2-438F-9F53-5EFA29DA9D8D}.Ad-Hoc|ARM.ActiveCfg = Debug|Any CPU
		{E05DB577-91A2-438F-9F53-5EFA29DA9D8D}.Ad-Hoc|ARM.Build.0 = Debug|Any CPU
		{E05DB577-91A2-438F-9F53-5EFA29DA9D8D}.Ad-Hoc|ARM64.ActiveCfg = Debug|Any CPU
		{E05DB577-91A2-438F-9F53-5EFA29DA9D8D}.Ad-Hoc|ARM64.Build.0 = Debug|Any CPU
		{E05DB577-91A2-438F-9F53-5EFA29DA9D8D}.Ad-Hoc|iPhone.ActiveCfg = Debug|Any CPU
		{E05DB577-91A2-438F-9F53-5EFA29DA9D8D}.Ad-Hoc|iPhone.Build.0 = Debug|Any CPU
		{E05DB577-91A2-438F-9F53-5EFA29DA9D8D}.Ad-Hoc|iPhoneSimulator.ActiveCfg = Debug|Any CPU
		{E05DB577-91A2-438F-9F53-5EFA29DA9D8D}.Ad-Hoc|iPhoneSimulator.Build.0 = Debug|Any CPU
		{E05DB577-91A2-438F-9F53-5EFA29DA9D8D}.Ad-Hoc|x64.ActiveCfg = Debug|Any CPU
		{E05DB577-91A2-438F-9F53-5EFA29DA9D8D}.Ad-Hoc|x64.Build.0 = Debug|Any CPU
		{E05DB577-91A2-438F-9F53-5EFA29DA9D8D}.Ad-Hoc|x86.ActiveCfg = Debug|Any CPU
		{E05DB577-91A2-438F-9F53-5EFA29DA9D8D}.Ad-Hoc|x86.Build.0 = Debug|Any CPU
		{E05DB577-91A2-438F-9F53-5EFA29DA9D8D}.AppStore|Any CPU.ActiveCfg = Debug|Any CPU
		{E05DB577-91A2-438F-9F53-5EFA29DA9D8D}.AppStore|Any CPU.Build.0 = Debug|Any CPU
		{E05DB577-91A2-438F-9F53-5EFA29DA9D8D}.AppStore|ARM.ActiveCfg = Debug|Any CPU
		{E05DB577-91A2-438F-9F53-5EFA29DA9D8D}.AppStore|ARM.Build.0 = Debug|Any CPU
		{E05DB577-91A2-438F-9F53-5EFA29DA9D8D}.AppStore|ARM64.ActiveCfg = Debug|Any CPU
		{E05DB577-91A2-438F-9F53-5EFA29DA9D8D}.AppStore|ARM64.Build.0 = Debug|Any CPU
		{E05DB577-91A2-438F-9F53-5EFA29DA9D8D}.AppStore|iPhone.ActiveCfg = Debug|Any CPU
		{E05DB577-91A2-438F-9F53-5EFA29DA9D8D}.AppStore|iPhone.Build.0 = Debug|Any CPU
		{E05DB577-91A2-438F-9F53-5EFA29DA9D8D}.AppStore|iPhoneSimulator.ActiveCfg = Debug|Any CPU
		{E05DB577-91A2-438F-9F53-5EFA29DA9D8D}.AppStore|iPhoneSimulator.Build.0 = Debug|Any CPU
		{E05DB577-91A2-438F-9F53-5EFA29DA9D8D}.AppStore|x64.ActiveCfg = Debug|Any CPU
		{E05DB577-91A2-438F-9F53-5EFA29DA9D8D}.AppStore|x64.Build.0 = Debug|Any CPU
		{E05DB577-91A2-438F-9F53-5EFA29DA9D8D}.AppStore|x86.ActiveCfg = Debug|Any CPU
		{E05DB577-91A2-438F-9F53-5EFA29DA9D8D}.AppStore|x86.Build.0 = Debug|Any CPU
		{E05DB577-91A2-438F-9F53-5EFA29DA9D8D}.Debug|Any CPU.ActiveCfg = Debug|Any CPU
		{E05DB577-91A2-438F-9F53-5EFA29DA9D8D}.Debug|Any CPU.Build.0 = Debug|Any CPU
		{E05DB577-91A2-438F-9F53-5EFA29DA9D8D}.Debug|ARM.ActiveCfg = Debug|Any CPU
		{E05DB577-91A2-438F-9F53-5EFA29DA9D8D}.Debug|ARM.Build.0 = Debug|Any CPU
		{E05DB577-91A2-438F-9F53-5EFA29DA9D8D}.Debug|ARM64.ActiveCfg = Debug|Any CPU
		{E05DB577-91A2-438F-9F53-5EFA29DA9D8D}.Debug|ARM64.Build.0 = Debug|Any CPU
		{E05DB577-91A2-438F-9F53-5EFA29DA9D8D}.Debug|iPhone.ActiveCfg = Debug|Any CPU
		{E05DB577-91A2-438F-9F53-5EFA29DA9D8D}.Debug|iPhone.Build.0 = Debug|Any CPU
		{E05DB577-91A2-438F-9F53-5EFA29DA9D8D}.Debug|iPhoneSimulator.ActiveCfg = Debug|Any CPU
		{E05DB577-91A2-438F-9F53-5EFA29DA9D8D}.Debug|iPhoneSimulator.Build.0 = Debug|Any CPU
		{E05DB577-91A2-438F-9F53-5EFA29DA9D8D}.Debug|x64.ActiveCfg = Debug|Any CPU
		{E05DB577-91A2-438F-9F53-5EFA29DA9D8D}.Debug|x64.Build.0 = Debug|Any CPU
		{E05DB577-91A2-438F-9F53-5EFA29DA9D8D}.Debug|x86.ActiveCfg = Debug|Any CPU
		{E05DB577-91A2-438F-9F53-5EFA29DA9D8D}.Debug|x86.Build.0 = Debug|Any CPU
		{E05DB577-91A2-438F-9F53-5EFA29DA9D8D}.Release|Any CPU.ActiveCfg = Release|Any CPU
		{E05DB577-91A2-438F-9F53-5EFA29DA9D8D}.Release|Any CPU.Build.0 = Release|Any CPU
		{E05DB577-91A2-438F-9F53-5EFA29DA9D8D}.Release|ARM.ActiveCfg = Release|Any CPU
		{E05DB577-91A2-438F-9F53-5EFA29DA9D8D}.Release|ARM.Build.0 = Release|Any CPU
		{E05DB577-91A2-438F-9F53-5EFA29DA9D8D}.Release|ARM64.ActiveCfg = Release|Any CPU
		{E05DB577-91A2-438F-9F53-5EFA29DA9D8D}.Release|ARM64.Build.0 = Release|Any CPU
		{E05DB577-91A2-438F-9F53-5EFA29DA9D8D}.Release|iPhone.ActiveCfg = Release|Any CPU
		{E05DB577-91A2-438F-9F53-5EFA29DA9D8D}.Release|iPhone.Build.0 = Release|Any CPU
		{E05DB577-91A2-438F-9F53-5EFA29DA9D8D}.Release|iPhoneSimulator.ActiveCfg = Release|Any CPU
		{E05DB577-91A2-438F-9F53-5EFA29DA9D8D}.Release|iPhoneSimulator.Build.0 = Release|Any CPU
		{E05DB577-91A2-438F-9F53-5EFA29DA9D8D}.Release|x64.ActiveCfg = Release|Any CPU
		{E05DB577-91A2-438F-9F53-5EFA29DA9D8D}.Release|x64.Build.0 = Release|Any CPU
		{E05DB577-91A2-438F-9F53-5EFA29DA9D8D}.Release|x86.ActiveCfg = Release|Any CPU
		{E05DB577-91A2-438F-9F53-5EFA29DA9D8D}.Release|x86.Build.0 = Release|Any CPU
		{C37AB4BC-83EF-408D-BB63-FB8BFECA173C}.Ad-Hoc|Any CPU.ActiveCfg = Debug|Any CPU
		{C37AB4BC-83EF-408D-BB63-FB8BFECA173C}.Ad-Hoc|Any CPU.Build.0 = Debug|Any CPU
		{C37AB4BC-83EF-408D-BB63-FB8BFECA173C}.Ad-Hoc|ARM.ActiveCfg = Debug|Any CPU
		{C37AB4BC-83EF-408D-BB63-FB8BFECA173C}.Ad-Hoc|ARM.Build.0 = Debug|Any CPU
		{C37AB4BC-83EF-408D-BB63-FB8BFECA173C}.Ad-Hoc|ARM64.ActiveCfg = Debug|Any CPU
		{C37AB4BC-83EF-408D-BB63-FB8BFECA173C}.Ad-Hoc|ARM64.Build.0 = Debug|Any CPU
		{C37AB4BC-83EF-408D-BB63-FB8BFECA173C}.Ad-Hoc|iPhone.ActiveCfg = Debug|Any CPU
		{C37AB4BC-83EF-408D-BB63-FB8BFECA173C}.Ad-Hoc|iPhone.Build.0 = Debug|Any CPU
		{C37AB4BC-83EF-408D-BB63-FB8BFECA173C}.Ad-Hoc|iPhoneSimulator.ActiveCfg = Debug|Any CPU
		{C37AB4BC-83EF-408D-BB63-FB8BFECA173C}.Ad-Hoc|iPhoneSimulator.Build.0 = Debug|Any CPU
		{C37AB4BC-83EF-408D-BB63-FB8BFECA173C}.Ad-Hoc|x64.ActiveCfg = Debug|Any CPU
		{C37AB4BC-83EF-408D-BB63-FB8BFECA173C}.Ad-Hoc|x64.Build.0 = Debug|Any CPU
		{C37AB4BC-83EF-408D-BB63-FB8BFECA173C}.Ad-Hoc|x86.ActiveCfg = Debug|Any CPU
		{C37AB4BC-83EF-408D-BB63-FB8BFECA173C}.Ad-Hoc|x86.Build.0 = Debug|Any CPU
		{C37AB4BC-83EF-408D-BB63-FB8BFECA173C}.AppStore|Any CPU.ActiveCfg = Debug|Any CPU
		{C37AB4BC-83EF-408D-BB63-FB8BFECA173C}.AppStore|Any CPU.Build.0 = Debug|Any CPU
		{C37AB4BC-83EF-408D-BB63-FB8BFECA173C}.AppStore|ARM.ActiveCfg = Debug|Any CPU
		{C37AB4BC-83EF-408D-BB63-FB8BFECA173C}.AppStore|ARM.Build.0 = Debug|Any CPU
		{C37AB4BC-83EF-408D-BB63-FB8BFECA173C}.AppStore|ARM64.ActiveCfg = Debug|Any CPU
		{C37AB4BC-83EF-408D-BB63-FB8BFECA173C}.AppStore|ARM64.Build.0 = Debug|Any CPU
		{C37AB4BC-83EF-408D-BB63-FB8BFECA173C}.AppStore|iPhone.ActiveCfg = Debug|Any CPU
		{C37AB4BC-83EF-408D-BB63-FB8BFECA173C}.AppStore|iPhone.Build.0 = Debug|Any CPU
		{C37AB4BC-83EF-408D-BB63-FB8BFECA173C}.AppStore|iPhoneSimulator.ActiveCfg = Debug|Any CPU
		{C37AB4BC-83EF-408D-BB63-FB8BFECA173C}.AppStore|iPhoneSimulator.Build.0 = Debug|Any CPU
		{C37AB4BC-83EF-408D-BB63-FB8BFECA173C}.AppStore|x64.ActiveCfg = Debug|Any CPU
		{C37AB4BC-83EF-408D-BB63-FB8BFECA173C}.AppStore|x64.Build.0 = Debug|Any CPU
		{C37AB4BC-83EF-408D-BB63-FB8BFECA173C}.AppStore|x86.ActiveCfg = Debug|Any CPU
		{C37AB4BC-83EF-408D-BB63-FB8BFECA173C}.AppStore|x86.Build.0 = Debug|Any CPU
		{C37AB4BC-83EF-408D-BB63-FB8BFECA173C}.Debug|Any CPU.ActiveCfg = Debug|Any CPU
		{C37AB4BC-83EF-408D-BB63-FB8BFECA173C}.Debug|Any CPU.Build.0 = Debug|Any CPU
		{C37AB4BC-83EF-408D-BB63-FB8BFECA173C}.Debug|ARM.ActiveCfg = Debug|Any CPU
		{C37AB4BC-83EF-408D-BB63-FB8BFECA173C}.Debug|ARM.Build.0 = Debug|Any CPU
		{C37AB4BC-83EF-408D-BB63-FB8BFECA173C}.Debug|ARM64.ActiveCfg = Debug|Any CPU
		{C37AB4BC-83EF-408D-BB63-FB8BFECA173C}.Debug|ARM64.Build.0 = Debug|Any CPU
		{C37AB4BC-83EF-408D-BB63-FB8BFECA173C}.Debug|iPhone.ActiveCfg = Debug|Any CPU
		{C37AB4BC-83EF-408D-BB63-FB8BFECA173C}.Debug|iPhone.Build.0 = Debug|Any CPU
		{C37AB4BC-83EF-408D-BB63-FB8BFECA173C}.Debug|iPhoneSimulator.ActiveCfg = Debug|Any CPU
		{C37AB4BC-83EF-408D-BB63-FB8BFECA173C}.Debug|iPhoneSimulator.Build.0 = Debug|Any CPU
		{C37AB4BC-83EF-408D-BB63-FB8BFECA173C}.Debug|x64.ActiveCfg = Debug|Any CPU
		{C37AB4BC-83EF-408D-BB63-FB8BFECA173C}.Debug|x64.Build.0 = Debug|Any CPU
		{C37AB4BC-83EF-408D-BB63-FB8BFECA173C}.Debug|x86.ActiveCfg = Debug|Any CPU
		{C37AB4BC-83EF-408D-BB63-FB8BFECA173C}.Debug|x86.Build.0 = Debug|Any CPU
		{C37AB4BC-83EF-408D-BB63-FB8BFECA173C}.Release|Any CPU.ActiveCfg = Release|Any CPU
		{C37AB4BC-83EF-408D-BB63-FB8BFECA173C}.Release|Any CPU.Build.0 = Release|Any CPU
		{C37AB4BC-83EF-408D-BB63-FB8BFECA173C}.Release|ARM.ActiveCfg = Release|Any CPU
		{C37AB4BC-83EF-408D-BB63-FB8BFECA173C}.Release|ARM.Build.0 = Release|Any CPU
		{C37AB4BC-83EF-408D-BB63-FB8BFECA173C}.Release|ARM64.ActiveCfg = Release|Any CPU
		{C37AB4BC-83EF-408D-BB63-FB8BFECA173C}.Release|ARM64.Build.0 = Release|Any CPU
		{C37AB4BC-83EF-408D-BB63-FB8BFECA173C}.Release|iPhone.ActiveCfg = Release|Any CPU
		{C37AB4BC-83EF-408D-BB63-FB8BFECA173C}.Release|iPhone.Build.0 = Release|Any CPU
		{C37AB4BC-83EF-408D-BB63-FB8BFECA173C}.Release|iPhoneSimulator.ActiveCfg = Release|Any CPU
		{C37AB4BC-83EF-408D-BB63-FB8BFECA173C}.Release|iPhoneSimulator.Build.0 = Release|Any CPU
		{C37AB4BC-83EF-408D-BB63-FB8BFECA173C}.Release|x64.ActiveCfg = Release|Any CPU
		{C37AB4BC-83EF-408D-BB63-FB8BFECA173C}.Release|x64.Build.0 = Release|Any CPU
		{C37AB4BC-83EF-408D-BB63-FB8BFECA173C}.Release|x86.ActiveCfg = Release|Any CPU
		{C37AB4BC-83EF-408D-BB63-FB8BFECA173C}.Release|x86.Build.0 = Release|Any CPU
		{F589BF22-3484-4C68-B7E2-4583E0CEE3B7}.Ad-Hoc|Any CPU.ActiveCfg = Debug|Any CPU
		{F589BF22-3484-4C68-B7E2-4583E0CEE3B7}.Ad-Hoc|Any CPU.Build.0 = Debug|Any CPU
		{F589BF22-3484-4C68-B7E2-4583E0CEE3B7}.Ad-Hoc|ARM.ActiveCfg = Debug|Any CPU
		{F589BF22-3484-4C68-B7E2-4583E0CEE3B7}.Ad-Hoc|ARM.Build.0 = Debug|Any CPU
		{F589BF22-3484-4C68-B7E2-4583E0CEE3B7}.Ad-Hoc|ARM64.ActiveCfg = Debug|Any CPU
		{F589BF22-3484-4C68-B7E2-4583E0CEE3B7}.Ad-Hoc|ARM64.Build.0 = Debug|Any CPU
		{F589BF22-3484-4C68-B7E2-4583E0CEE3B7}.Ad-Hoc|iPhone.ActiveCfg = Debug|Any CPU
		{F589BF22-3484-4C68-B7E2-4583E0CEE3B7}.Ad-Hoc|iPhone.Build.0 = Debug|Any CPU
		{F589BF22-3484-4C68-B7E2-4583E0CEE3B7}.Ad-Hoc|iPhoneSimulator.ActiveCfg = Debug|Any CPU
		{F589BF22-3484-4C68-B7E2-4583E0CEE3B7}.Ad-Hoc|iPhoneSimulator.Build.0 = Debug|Any CPU
		{F589BF22-3484-4C68-B7E2-4583E0CEE3B7}.Ad-Hoc|x64.ActiveCfg = Debug|Any CPU
		{F589BF22-3484-4C68-B7E2-4583E0CEE3B7}.Ad-Hoc|x64.Build.0 = Debug|Any CPU
		{F589BF22-3484-4C68-B7E2-4583E0CEE3B7}.Ad-Hoc|x86.ActiveCfg = Debug|Any CPU
		{F589BF22-3484-4C68-B7E2-4583E0CEE3B7}.Ad-Hoc|x86.Build.0 = Debug|Any CPU
		{F589BF22-3484-4C68-B7E2-4583E0CEE3B7}.AppStore|Any CPU.ActiveCfg = Debug|Any CPU
		{F589BF22-3484-4C68-B7E2-4583E0CEE3B7}.AppStore|Any CPU.Build.0 = Debug|Any CPU
		{F589BF22-3484-4C68-B7E2-4583E0CEE3B7}.AppStore|ARM.ActiveCfg = Debug|Any CPU
		{F589BF22-3484-4C68-B7E2-4583E0CEE3B7}.AppStore|ARM.Build.0 = Debug|Any CPU
		{F589BF22-3484-4C68-B7E2-4583E0CEE3B7}.AppStore|ARM64.ActiveCfg = Debug|Any CPU
		{F589BF22-3484-4C68-B7E2-4583E0CEE3B7}.AppStore|ARM64.Build.0 = Debug|Any CPU
		{F589BF22-3484-4C68-B7E2-4583E0CEE3B7}.AppStore|iPhone.ActiveCfg = Debug|Any CPU
		{F589BF22-3484-4C68-B7E2-4583E0CEE3B7}.AppStore|iPhone.Build.0 = Debug|Any CPU
		{F589BF22-3484-4C68-B7E2-4583E0CEE3B7}.AppStore|iPhoneSimulator.ActiveCfg = Debug|Any CPU
		{F589BF22-3484-4C68-B7E2-4583E0CEE3B7}.AppStore|iPhoneSimulator.Build.0 = Debug|Any CPU
		{F589BF22-3484-4C68-B7E2-4583E0CEE3B7}.AppStore|x64.ActiveCfg = Debug|Any CPU
		{F589BF22-3484-4C68-B7E2-4583E0CEE3B7}.AppStore|x64.Build.0 = Debug|Any CPU
		{F589BF22-3484-4C68-B7E2-4583E0CEE3B7}.AppStore|x86.ActiveCfg = Debug|Any CPU
		{F589BF22-3484-4C68-B7E2-4583E0CEE3B7}.AppStore|x86.Build.0 = Debug|Any CPU
		{F589BF22-3484-4C68-B7E2-4583E0CEE3B7}.Debug|Any CPU.ActiveCfg = Debug|Any CPU
		{F589BF22-3484-4C68-B7E2-4583E0CEE3B7}.Debug|Any CPU.Build.0 = Debug|Any CPU
		{F589BF22-3484-4C68-B7E2-4583E0CEE3B7}.Debug|ARM.ActiveCfg = Debug|Any CPU
		{F589BF22-3484-4C68-B7E2-4583E0CEE3B7}.Debug|ARM.Build.0 = Debug|Any CPU
		{F589BF22-3484-4C68-B7E2-4583E0CEE3B7}.Debug|ARM64.ActiveCfg = Debug|Any CPU
		{F589BF22-3484-4C68-B7E2-4583E0CEE3B7}.Debug|ARM64.Build.0 = Debug|Any CPU
		{F589BF22-3484-4C68-B7E2-4583E0CEE3B7}.Debug|iPhone.ActiveCfg = Debug|Any CPU
		{F589BF22-3484-4C68-B7E2-4583E0CEE3B7}.Debug|iPhone.Build.0 = Debug|Any CPU
		{F589BF22-3484-4C68-B7E2-4583E0CEE3B7}.Debug|iPhoneSimulator.ActiveCfg = Debug|Any CPU
		{F589BF22-3484-4C68-B7E2-4583E0CEE3B7}.Debug|iPhoneSimulator.Build.0 = Debug|Any CPU
		{F589BF22-3484-4C68-B7E2-4583E0CEE3B7}.Debug|x64.ActiveCfg = Debug|Any CPU
		{F589BF22-3484-4C68-B7E2-4583E0CEE3B7}.Debug|x64.Build.0 = Debug|Any CPU
		{F589BF22-3484-4C68-B7E2-4583E0CEE3B7}.Debug|x86.ActiveCfg = Debug|Any CPU
		{F589BF22-3484-4C68-B7E2-4583E0CEE3B7}.Debug|x86.Build.0 = Debug|Any CPU
		{F589BF22-3484-4C68-B7E2-4583E0CEE3B7}.Release|Any CPU.ActiveCfg = Release|Any CPU
		{F589BF22-3484-4C68-B7E2-4583E0CEE3B7}.Release|Any CPU.Build.0 = Release|Any CPU
		{F589BF22-3484-4C68-B7E2-4583E0CEE3B7}.Release|ARM.ActiveCfg = Release|Any CPU
		{F589BF22-3484-4C68-B7E2-4583E0CEE3B7}.Release|ARM.Build.0 = Release|Any CPU
		{F589BF22-3484-4C68-B7E2-4583E0CEE3B7}.Release|ARM64.ActiveCfg = Release|Any CPU
		{F589BF22-3484-4C68-B7E2-4583E0CEE3B7}.Release|ARM64.Build.0 = Release|Any CPU
		{F589BF22-3484-4C68-B7E2-4583E0CEE3B7}.Release|iPhone.ActiveCfg = Release|Any CPU
		{F589BF22-3484-4C68-B7E2-4583E0CEE3B7}.Release|iPhone.Build.0 = Release|Any CPU
		{F589BF22-3484-4C68-B7E2-4583E0CEE3B7}.Release|iPhoneSimulator.ActiveCfg = Release|Any CPU
		{F589BF22-3484-4C68-B7E2-4583E0CEE3B7}.Release|iPhoneSimulator.Build.0 = Release|Any CPU
		{F589BF22-3484-4C68-B7E2-4583E0CEE3B7}.Release|x64.ActiveCfg = Release|Any CPU
		{F589BF22-3484-4C68-B7E2-4583E0CEE3B7}.Release|x64.Build.0 = Release|Any CPU
		{F589BF22-3484-4C68-B7E2-4583E0CEE3B7}.Release|x86.ActiveCfg = Release|Any CPU
		{F589BF22-3484-4C68-B7E2-4583E0CEE3B7}.Release|x86.Build.0 = Release|Any CPU
		{EC120F62-BA08-40DC-9760-6774B6A956A6}.Ad-Hoc|Any CPU.ActiveCfg = Debug|x86
		{EC120F62-BA08-40DC-9760-6774B6A956A6}.Ad-Hoc|Any CPU.Build.0 = Debug|x86
		{EC120F62-BA08-40DC-9760-6774B6A956A6}.Ad-Hoc|ARM.ActiveCfg = Debug|x86
		{EC120F62-BA08-40DC-9760-6774B6A956A6}.Ad-Hoc|ARM.Build.0 = Debug|x86
		{EC120F62-BA08-40DC-9760-6774B6A956A6}.Ad-Hoc|ARM64.ActiveCfg = Debug|arm64
		{EC120F62-BA08-40DC-9760-6774B6A956A6}.Ad-Hoc|ARM64.Build.0 = Debug|arm64
		{EC120F62-BA08-40DC-9760-6774B6A956A6}.Ad-Hoc|iPhone.ActiveCfg = Debug|x86
		{EC120F62-BA08-40DC-9760-6774B6A956A6}.Ad-Hoc|iPhone.Build.0 = Debug|x86
		{EC120F62-BA08-40DC-9760-6774B6A956A6}.Ad-Hoc|iPhoneSimulator.ActiveCfg = Debug|x86
		{EC120F62-BA08-40DC-9760-6774B6A956A6}.Ad-Hoc|iPhoneSimulator.Build.0 = Debug|x86
		{EC120F62-BA08-40DC-9760-6774B6A956A6}.Ad-Hoc|x64.ActiveCfg = Debug|x64
		{EC120F62-BA08-40DC-9760-6774B6A956A6}.Ad-Hoc|x64.Build.0 = Debug|x64
		{EC120F62-BA08-40DC-9760-6774B6A956A6}.Ad-Hoc|x86.ActiveCfg = Debug|x86
		{EC120F62-BA08-40DC-9760-6774B6A956A6}.Ad-Hoc|x86.Build.0 = Debug|x86
		{EC120F62-BA08-40DC-9760-6774B6A956A6}.AppStore|Any CPU.ActiveCfg = Debug|x86
		{EC120F62-BA08-40DC-9760-6774B6A956A6}.AppStore|Any CPU.Build.0 = Debug|x86
		{EC120F62-BA08-40DC-9760-6774B6A956A6}.AppStore|ARM.ActiveCfg = Debug|x86
		{EC120F62-BA08-40DC-9760-6774B6A956A6}.AppStore|ARM.Build.0 = Debug|x86
		{EC120F62-BA08-40DC-9760-6774B6A956A6}.AppStore|ARM64.ActiveCfg = Debug|arm64
		{EC120F62-BA08-40DC-9760-6774B6A956A6}.AppStore|ARM64.Build.0 = Debug|arm64
		{EC120F62-BA08-40DC-9760-6774B6A956A6}.AppStore|iPhone.ActiveCfg = Debug|x86
		{EC120F62-BA08-40DC-9760-6774B6A956A6}.AppStore|iPhone.Build.0 = Debug|x86
		{EC120F62-BA08-40DC-9760-6774B6A956A6}.AppStore|iPhoneSimulator.ActiveCfg = Debug|x86
		{EC120F62-BA08-40DC-9760-6774B6A956A6}.AppStore|iPhoneSimulator.Build.0 = Debug|x86
		{EC120F62-BA08-40DC-9760-6774B6A956A6}.AppStore|x64.ActiveCfg = Debug|x64
		{EC120F62-BA08-40DC-9760-6774B6A956A6}.AppStore|x64.Build.0 = Debug|x64
		{EC120F62-BA08-40DC-9760-6774B6A956A6}.AppStore|x86.ActiveCfg = Debug|x86
		{EC120F62-BA08-40DC-9760-6774B6A956A6}.AppStore|x86.Build.0 = Debug|x86
		{EC120F62-BA08-40DC-9760-6774B6A956A6}.Debug|Any CPU.ActiveCfg = Debug|x64
		{EC120F62-BA08-40DC-9760-6774B6A956A6}.Debug|Any CPU.Build.0 = Debug|x64
		{EC120F62-BA08-40DC-9760-6774B6A956A6}.Debug|ARM.ActiveCfg = Debug|x64
		{EC120F62-BA08-40DC-9760-6774B6A956A6}.Debug|ARM.Build.0 = Debug|x64
		{EC120F62-BA08-40DC-9760-6774B6A956A6}.Debug|ARM64.ActiveCfg = Debug|arm64
		{EC120F62-BA08-40DC-9760-6774B6A956A6}.Debug|ARM64.Build.0 = Debug|arm64
		{EC120F62-BA08-40DC-9760-6774B6A956A6}.Debug|iPhone.ActiveCfg = Debug|x64
		{EC120F62-BA08-40DC-9760-6774B6A956A6}.Debug|iPhone.Build.0 = Debug|x64
		{EC120F62-BA08-40DC-9760-6774B6A956A6}.Debug|iPhoneSimulator.ActiveCfg = Debug|x64
		{EC120F62-BA08-40DC-9760-6774B6A956A6}.Debug|iPhoneSimulator.Build.0 = Debug|x64
		{EC120F62-BA08-40DC-9760-6774B6A956A6}.Debug|x64.ActiveCfg = Debug|x64
		{EC120F62-BA08-40DC-9760-6774B6A956A6}.Debug|x64.Build.0 = Debug|x64
		{EC120F62-BA08-40DC-9760-6774B6A956A6}.Debug|x86.ActiveCfg = Debug|x86
		{EC120F62-BA08-40DC-9760-6774B6A956A6}.Debug|x86.Build.0 = Debug|x86
		{EC120F62-BA08-40DC-9760-6774B6A956A6}.Release|Any CPU.ActiveCfg = Release|x64
		{EC120F62-BA08-40DC-9760-6774B6A956A6}.Release|Any CPU.Build.0 = Release|x64
		{EC120F62-BA08-40DC-9760-6774B6A956A6}.Release|ARM.ActiveCfg = Release|x64
		{EC120F62-BA08-40DC-9760-6774B6A956A6}.Release|ARM.Build.0 = Release|x64
		{EC120F62-BA08-40DC-9760-6774B6A956A6}.Release|ARM64.ActiveCfg = Release|arm64
		{EC120F62-BA08-40DC-9760-6774B6A956A6}.Release|ARM64.Build.0 = Release|arm64
		{EC120F62-BA08-40DC-9760-6774B6A956A6}.Release|iPhone.ActiveCfg = Release|x64
		{EC120F62-BA08-40DC-9760-6774B6A956A6}.Release|iPhone.Build.0 = Release|x64
		{EC120F62-BA08-40DC-9760-6774B6A956A6}.Release|iPhoneSimulator.ActiveCfg = Release|x64
		{EC120F62-BA08-40DC-9760-6774B6A956A6}.Release|iPhoneSimulator.Build.0 = Release|x64
		{EC120F62-BA08-40DC-9760-6774B6A956A6}.Release|x64.ActiveCfg = Release|x64
		{EC120F62-BA08-40DC-9760-6774B6A956A6}.Release|x64.Build.0 = Release|x64
		{EC120F62-BA08-40DC-9760-6774B6A956A6}.Release|x86.ActiveCfg = Release|x86
		{EC120F62-BA08-40DC-9760-6774B6A956A6}.Release|x86.Build.0 = Release|x86
		{53611E66-5396-43B9-97C2-DE99465DFFC0}.Ad-Hoc|Any CPU.ActiveCfg = Debug|arm64
		{53611E66-5396-43B9-97C2-DE99465DFFC0}.Ad-Hoc|Any CPU.Build.0 = Debug|arm64
		{53611E66-5396-43B9-97C2-DE99465DFFC0}.Ad-Hoc|Any CPU.Deploy.0 = Debug|arm64
		{53611E66-5396-43B9-97C2-DE99465DFFC0}.Ad-Hoc|ARM.ActiveCfg = Debug|arm64
		{53611E66-5396-43B9-97C2-DE99465DFFC0}.Ad-Hoc|ARM.Build.0 = Debug|arm64
		{53611E66-5396-43B9-97C2-DE99465DFFC0}.Ad-Hoc|ARM.Deploy.0 = Debug|arm64
		{53611E66-5396-43B9-97C2-DE99465DFFC0}.Ad-Hoc|ARM64.ActiveCfg = Debug|arm64
		{53611E66-5396-43B9-97C2-DE99465DFFC0}.Ad-Hoc|ARM64.Build.0 = Debug|arm64
		{53611E66-5396-43B9-97C2-DE99465DFFC0}.Ad-Hoc|ARM64.Deploy.0 = Debug|arm64
		{53611E66-5396-43B9-97C2-DE99465DFFC0}.Ad-Hoc|iPhone.ActiveCfg = Debug|arm64
		{53611E66-5396-43B9-97C2-DE99465DFFC0}.Ad-Hoc|iPhone.Build.0 = Debug|arm64
		{53611E66-5396-43B9-97C2-DE99465DFFC0}.Ad-Hoc|iPhone.Deploy.0 = Debug|arm64
		{53611E66-5396-43B9-97C2-DE99465DFFC0}.Ad-Hoc|iPhoneSimulator.ActiveCfg = Debug|arm64
		{53611E66-5396-43B9-97C2-DE99465DFFC0}.Ad-Hoc|iPhoneSimulator.Build.0 = Debug|arm64
		{53611E66-5396-43B9-97C2-DE99465DFFC0}.Ad-Hoc|iPhoneSimulator.Deploy.0 = Debug|arm64
		{53611E66-5396-43B9-97C2-DE99465DFFC0}.Ad-Hoc|x64.ActiveCfg = Debug|x64
		{53611E66-5396-43B9-97C2-DE99465DFFC0}.Ad-Hoc|x64.Build.0 = Debug|x64
		{53611E66-5396-43B9-97C2-DE99465DFFC0}.Ad-Hoc|x64.Deploy.0 = Debug|x64
		{53611E66-5396-43B9-97C2-DE99465DFFC0}.Ad-Hoc|x86.ActiveCfg = Debug|x86
		{53611E66-5396-43B9-97C2-DE99465DFFC0}.Ad-Hoc|x86.Build.0 = Debug|x86
		{53611E66-5396-43B9-97C2-DE99465DFFC0}.Ad-Hoc|x86.Deploy.0 = Debug|x86
		{53611E66-5396-43B9-97C2-DE99465DFFC0}.AppStore|Any CPU.ActiveCfg = Debug|arm64
		{53611E66-5396-43B9-97C2-DE99465DFFC0}.AppStore|Any CPU.Build.0 = Debug|arm64
		{53611E66-5396-43B9-97C2-DE99465DFFC0}.AppStore|Any CPU.Deploy.0 = Debug|arm64
		{53611E66-5396-43B9-97C2-DE99465DFFC0}.AppStore|ARM.ActiveCfg = Debug|arm64
		{53611E66-5396-43B9-97C2-DE99465DFFC0}.AppStore|ARM.Build.0 = Debug|arm64
		{53611E66-5396-43B9-97C2-DE99465DFFC0}.AppStore|ARM.Deploy.0 = Debug|arm64
		{53611E66-5396-43B9-97C2-DE99465DFFC0}.AppStore|ARM64.ActiveCfg = Debug|arm64
		{53611E66-5396-43B9-97C2-DE99465DFFC0}.AppStore|ARM64.Build.0 = Debug|arm64
		{53611E66-5396-43B9-97C2-DE99465DFFC0}.AppStore|ARM64.Deploy.0 = Debug|arm64
		{53611E66-5396-43B9-97C2-DE99465DFFC0}.AppStore|iPhone.ActiveCfg = Debug|arm64
		{53611E66-5396-43B9-97C2-DE99465DFFC0}.AppStore|iPhone.Build.0 = Debug|arm64
		{53611E66-5396-43B9-97C2-DE99465DFFC0}.AppStore|iPhone.Deploy.0 = Debug|arm64
		{53611E66-5396-43B9-97C2-DE99465DFFC0}.AppStore|iPhoneSimulator.ActiveCfg = Debug|arm64
		{53611E66-5396-43B9-97C2-DE99465DFFC0}.AppStore|iPhoneSimulator.Build.0 = Debug|arm64
		{53611E66-5396-43B9-97C2-DE99465DFFC0}.AppStore|iPhoneSimulator.Deploy.0 = Debug|arm64
		{53611E66-5396-43B9-97C2-DE99465DFFC0}.AppStore|x64.ActiveCfg = Debug|x64
		{53611E66-5396-43B9-97C2-DE99465DFFC0}.AppStore|x64.Build.0 = Debug|x64
		{53611E66-5396-43B9-97C2-DE99465DFFC0}.AppStore|x64.Deploy.0 = Debug|x64
		{53611E66-5396-43B9-97C2-DE99465DFFC0}.AppStore|x86.ActiveCfg = Debug|x86
		{53611E66-5396-43B9-97C2-DE99465DFFC0}.AppStore|x86.Build.0 = Debug|x86
		{53611E66-5396-43B9-97C2-DE99465DFFC0}.AppStore|x86.Deploy.0 = Debug|x86
		{53611E66-5396-43B9-97C2-DE99465DFFC0}.Debug|Any CPU.ActiveCfg = Debug|x64
		{53611E66-5396-43B9-97C2-DE99465DFFC0}.Debug|Any CPU.Build.0 = Debug|x64
		{53611E66-5396-43B9-97C2-DE99465DFFC0}.Debug|Any CPU.Deploy.0 = Debug|x64
		{53611E66-5396-43B9-97C2-DE99465DFFC0}.Debug|ARM.ActiveCfg = Debug|x64
		{53611E66-5396-43B9-97C2-DE99465DFFC0}.Debug|ARM.Build.0 = Debug|x64
		{53611E66-5396-43B9-97C2-DE99465DFFC0}.Debug|ARM.Deploy.0 = Debug|x64
		{53611E66-5396-43B9-97C2-DE99465DFFC0}.Debug|ARM64.ActiveCfg = Debug|arm64
		{53611E66-5396-43B9-97C2-DE99465DFFC0}.Debug|ARM64.Build.0 = Debug|arm64
		{53611E66-5396-43B9-97C2-DE99465DFFC0}.Debug|ARM64.Deploy.0 = Debug|arm64
		{53611E66-5396-43B9-97C2-DE99465DFFC0}.Debug|iPhone.ActiveCfg = Debug|x64
		{53611E66-5396-43B9-97C2-DE99465DFFC0}.Debug|iPhone.Build.0 = Debug|x64
		{53611E66-5396-43B9-97C2-DE99465DFFC0}.Debug|iPhone.Deploy.0 = Debug|x64
		{53611E66-5396-43B9-97C2-DE99465DFFC0}.Debug|iPhoneSimulator.ActiveCfg = Debug|x64
		{53611E66-5396-43B9-97C2-DE99465DFFC0}.Debug|iPhoneSimulator.Build.0 = Debug|x64
		{53611E66-5396-43B9-97C2-DE99465DFFC0}.Debug|iPhoneSimulator.Deploy.0 = Debug|x64
		{53611E66-5396-43B9-97C2-DE99465DFFC0}.Debug|x64.ActiveCfg = Debug|x64
		{53611E66-5396-43B9-97C2-DE99465DFFC0}.Debug|x64.Build.0 = Debug|x64
		{53611E66-5396-43B9-97C2-DE99465DFFC0}.Debug|x64.Deploy.0 = Debug|x64
		{53611E66-5396-43B9-97C2-DE99465DFFC0}.Debug|x86.ActiveCfg = Debug|x86
		{53611E66-5396-43B9-97C2-DE99465DFFC0}.Debug|x86.Build.0 = Debug|x86
		{53611E66-5396-43B9-97C2-DE99465DFFC0}.Debug|x86.Deploy.0 = Debug|x86
		{53611E66-5396-43B9-97C2-DE99465DFFC0}.Release|Any CPU.ActiveCfg = Release|x64
		{53611E66-5396-43B9-97C2-DE99465DFFC0}.Release|Any CPU.Build.0 = Release|x64
		{53611E66-5396-43B9-97C2-DE99465DFFC0}.Release|Any CPU.Deploy.0 = Release|x64
		{53611E66-5396-43B9-97C2-DE99465DFFC0}.Release|ARM.ActiveCfg = Release|x64
		{53611E66-5396-43B9-97C2-DE99465DFFC0}.Release|ARM.Build.0 = Release|x64
		{53611E66-5396-43B9-97C2-DE99465DFFC0}.Release|ARM.Deploy.0 = Release|x64
		{53611E66-5396-43B9-97C2-DE99465DFFC0}.Release|ARM64.ActiveCfg = Release|arm64
		{53611E66-5396-43B9-97C2-DE99465DFFC0}.Release|ARM64.Build.0 = Release|arm64
		{53611E66-5396-43B9-97C2-DE99465DFFC0}.Release|ARM64.Deploy.0 = Release|arm64
		{53611E66-5396-43B9-97C2-DE99465DFFC0}.Release|iPhone.ActiveCfg = Release|x64
		{53611E66-5396-43B9-97C2-DE99465DFFC0}.Release|iPhone.Build.0 = Release|x64
		{53611E66-5396-43B9-97C2-DE99465DFFC0}.Release|iPhone.Deploy.0 = Release|x64
		{53611E66-5396-43B9-97C2-DE99465DFFC0}.Release|iPhoneSimulator.ActiveCfg = Release|x64
		{53611E66-5396-43B9-97C2-DE99465DFFC0}.Release|iPhoneSimulator.Build.0 = Release|x64
		{53611E66-5396-43B9-97C2-DE99465DFFC0}.Release|iPhoneSimulator.Deploy.0 = Release|x64
		{53611E66-5396-43B9-97C2-DE99465DFFC0}.Release|x64.ActiveCfg = Release|x64
		{53611E66-5396-43B9-97C2-DE99465DFFC0}.Release|x64.Build.0 = Release|x64
		{53611E66-5396-43B9-97C2-DE99465DFFC0}.Release|x64.Deploy.0 = Release|x64
		{53611E66-5396-43B9-97C2-DE99465DFFC0}.Release|x86.ActiveCfg = Release|x86
		{53611E66-5396-43B9-97C2-DE99465DFFC0}.Release|x86.Build.0 = Release|x86
		{53611E66-5396-43B9-97C2-DE99465DFFC0}.Release|x86.Deploy.0 = Release|x86
		{04E18E4A-4F8D-44C0-829E-8597BE4A4882}.Ad-Hoc|Any CPU.ActiveCfg = Debug|Any CPU
		{04E18E4A-4F8D-44C0-829E-8597BE4A4882}.Ad-Hoc|Any CPU.Build.0 = Debug|Any CPU
		{04E18E4A-4F8D-44C0-829E-8597BE4A4882}.Ad-Hoc|ARM.ActiveCfg = Debug|Any CPU
		{04E18E4A-4F8D-44C0-829E-8597BE4A4882}.Ad-Hoc|ARM.Build.0 = Debug|Any CPU
		{04E18E4A-4F8D-44C0-829E-8597BE4A4882}.Ad-Hoc|ARM64.ActiveCfg = Debug|Any CPU
		{04E18E4A-4F8D-44C0-829E-8597BE4A4882}.Ad-Hoc|ARM64.Build.0 = Debug|Any CPU
		{04E18E4A-4F8D-44C0-829E-8597BE4A4882}.Ad-Hoc|iPhone.ActiveCfg = Debug|Any CPU
		{04E18E4A-4F8D-44C0-829E-8597BE4A4882}.Ad-Hoc|iPhone.Build.0 = Debug|Any CPU
		{04E18E4A-4F8D-44C0-829E-8597BE4A4882}.Ad-Hoc|iPhoneSimulator.ActiveCfg = Debug|Any CPU
		{04E18E4A-4F8D-44C0-829E-8597BE4A4882}.Ad-Hoc|iPhoneSimulator.Build.0 = Debug|Any CPU
		{04E18E4A-4F8D-44C0-829E-8597BE4A4882}.Ad-Hoc|x64.ActiveCfg = Debug|Any CPU
		{04E18E4A-4F8D-44C0-829E-8597BE4A4882}.Ad-Hoc|x64.Build.0 = Debug|Any CPU
		{04E18E4A-4F8D-44C0-829E-8597BE4A4882}.Ad-Hoc|x86.ActiveCfg = Debug|Any CPU
		{04E18E4A-4F8D-44C0-829E-8597BE4A4882}.Ad-Hoc|x86.Build.0 = Debug|Any CPU
		{04E18E4A-4F8D-44C0-829E-8597BE4A4882}.AppStore|Any CPU.ActiveCfg = Debug|Any CPU
		{04E18E4A-4F8D-44C0-829E-8597BE4A4882}.AppStore|Any CPU.Build.0 = Debug|Any CPU
		{04E18E4A-4F8D-44C0-829E-8597BE4A4882}.AppStore|ARM.ActiveCfg = Debug|Any CPU
		{04E18E4A-4F8D-44C0-829E-8597BE4A4882}.AppStore|ARM.Build.0 = Debug|Any CPU
		{04E18E4A-4F8D-44C0-829E-8597BE4A4882}.AppStore|ARM64.ActiveCfg = Debug|Any CPU
		{04E18E4A-4F8D-44C0-829E-8597BE4A4882}.AppStore|ARM64.Build.0 = Debug|Any CPU
		{04E18E4A-4F8D-44C0-829E-8597BE4A4882}.AppStore|iPhone.ActiveCfg = Debug|Any CPU
		{04E18E4A-4F8D-44C0-829E-8597BE4A4882}.AppStore|iPhone.Build.0 = Debug|Any CPU
		{04E18E4A-4F8D-44C0-829E-8597BE4A4882}.AppStore|iPhoneSimulator.ActiveCfg = Debug|Any CPU
		{04E18E4A-4F8D-44C0-829E-8597BE4A4882}.AppStore|iPhoneSimulator.Build.0 = Debug|Any CPU
		{04E18E4A-4F8D-44C0-829E-8597BE4A4882}.AppStore|x64.ActiveCfg = Debug|Any CPU
		{04E18E4A-4F8D-44C0-829E-8597BE4A4882}.AppStore|x64.Build.0 = Debug|Any CPU
		{04E18E4A-4F8D-44C0-829E-8597BE4A4882}.AppStore|x86.ActiveCfg = Debug|Any CPU
		{04E18E4A-4F8D-44C0-829E-8597BE4A4882}.AppStore|x86.Build.0 = Debug|Any CPU
		{04E18E4A-4F8D-44C0-829E-8597BE4A4882}.Debug|Any CPU.ActiveCfg = Debug|Any CPU
		{04E18E4A-4F8D-44C0-829E-8597BE4A4882}.Debug|Any CPU.Build.0 = Debug|Any CPU
		{04E18E4A-4F8D-44C0-829E-8597BE4A4882}.Debug|ARM.ActiveCfg = Debug|Any CPU
		{04E18E4A-4F8D-44C0-829E-8597BE4A4882}.Debug|ARM.Build.0 = Debug|Any CPU
		{04E18E4A-4F8D-44C0-829E-8597BE4A4882}.Debug|ARM64.ActiveCfg = Debug|Any CPU
		{04E18E4A-4F8D-44C0-829E-8597BE4A4882}.Debug|ARM64.Build.0 = Debug|Any CPU
		{04E18E4A-4F8D-44C0-829E-8597BE4A4882}.Debug|iPhone.ActiveCfg = Debug|Any CPU
		{04E18E4A-4F8D-44C0-829E-8597BE4A4882}.Debug|iPhone.Build.0 = Debug|Any CPU
		{04E18E4A-4F8D-44C0-829E-8597BE4A4882}.Debug|iPhoneSimulator.ActiveCfg = Debug|Any CPU
		{04E18E4A-4F8D-44C0-829E-8597BE4A4882}.Debug|iPhoneSimulator.Build.0 = Debug|Any CPU
		{04E18E4A-4F8D-44C0-829E-8597BE4A4882}.Debug|x64.ActiveCfg = Debug|Any CPU
		{04E18E4A-4F8D-44C0-829E-8597BE4A4882}.Debug|x64.Build.0 = Debug|Any CPU
		{04E18E4A-4F8D-44C0-829E-8597BE4A4882}.Debug|x86.ActiveCfg = Debug|Any CPU
		{04E18E4A-4F8D-44C0-829E-8597BE4A4882}.Debug|x86.Build.0 = Debug|Any CPU
		{04E18E4A-4F8D-44C0-829E-8597BE4A4882}.Release|Any CPU.ActiveCfg = Release|Any CPU
		{04E18E4A-4F8D-44C0-829E-8597BE4A4882}.Release|Any CPU.Build.0 = Release|Any CPU
		{04E18E4A-4F8D-44C0-829E-8597BE4A4882}.Release|ARM.ActiveCfg = Release|Any CPU
		{04E18E4A-4F8D-44C0-829E-8597BE4A4882}.Release|ARM.Build.0 = Release|Any CPU
		{04E18E4A-4F8D-44C0-829E-8597BE4A4882}.Release|ARM64.ActiveCfg = Release|Any CPU
		{04E18E4A-4F8D-44C0-829E-8597BE4A4882}.Release|ARM64.Build.0 = Release|Any CPU
		{04E18E4A-4F8D-44C0-829E-8597BE4A4882}.Release|iPhone.ActiveCfg = Release|Any CPU
		{04E18E4A-4F8D-44C0-829E-8597BE4A4882}.Release|iPhone.Build.0 = Release|Any CPU
		{04E18E4A-4F8D-44C0-829E-8597BE4A4882}.Release|iPhoneSimulator.ActiveCfg = Release|Any CPU
		{04E18E4A-4F8D-44C0-829E-8597BE4A4882}.Release|iPhoneSimulator.Build.0 = Release|Any CPU
		{04E18E4A-4F8D-44C0-829E-8597BE4A4882}.Release|x64.ActiveCfg = Release|Any CPU
		{04E18E4A-4F8D-44C0-829E-8597BE4A4882}.Release|x64.Build.0 = Release|Any CPU
		{04E18E4A-4F8D-44C0-829E-8597BE4A4882}.Release|x86.ActiveCfg = Release|Any CPU
		{04E18E4A-4F8D-44C0-829E-8597BE4A4882}.Release|x86.Build.0 = Release|Any CPU
		{D44259AC-A2CB-454D-A28E-71D8EC230E51}.Ad-Hoc|Any CPU.ActiveCfg = Debug|x86
		{D44259AC-A2CB-454D-A28E-71D8EC230E51}.Ad-Hoc|Any CPU.Build.0 = Debug|x86
		{D44259AC-A2CB-454D-A28E-71D8EC230E51}.Ad-Hoc|Any CPU.Deploy.0 = Debug|x86
		{D44259AC-A2CB-454D-A28E-71D8EC230E51}.Ad-Hoc|ARM.ActiveCfg = Debug|ARM
		{D44259AC-A2CB-454D-A28E-71D8EC230E51}.Ad-Hoc|ARM.Build.0 = Debug|ARM
		{D44259AC-A2CB-454D-A28E-71D8EC230E51}.Ad-Hoc|ARM.Deploy.0 = Debug|ARM
		{D44259AC-A2CB-454D-A28E-71D8EC230E51}.Ad-Hoc|ARM64.ActiveCfg = Debug|ARM64
		{D44259AC-A2CB-454D-A28E-71D8EC230E51}.Ad-Hoc|ARM64.Build.0 = Debug|ARM64
		{D44259AC-A2CB-454D-A28E-71D8EC230E51}.Ad-Hoc|ARM64.Deploy.0 = Debug|ARM64
		{D44259AC-A2CB-454D-A28E-71D8EC230E51}.Ad-Hoc|iPhone.ActiveCfg = Debug|x86
		{D44259AC-A2CB-454D-A28E-71D8EC230E51}.Ad-Hoc|iPhone.Build.0 = Debug|x86
		{D44259AC-A2CB-454D-A28E-71D8EC230E51}.Ad-Hoc|iPhone.Deploy.0 = Debug|x86
		{D44259AC-A2CB-454D-A28E-71D8EC230E51}.Ad-Hoc|iPhoneSimulator.ActiveCfg = Debug|x86
		{D44259AC-A2CB-454D-A28E-71D8EC230E51}.Ad-Hoc|iPhoneSimulator.Build.0 = Debug|x86
		{D44259AC-A2CB-454D-A28E-71D8EC230E51}.Ad-Hoc|iPhoneSimulator.Deploy.0 = Debug|x86
		{D44259AC-A2CB-454D-A28E-71D8EC230E51}.Ad-Hoc|x64.ActiveCfg = Debug|x64
		{D44259AC-A2CB-454D-A28E-71D8EC230E51}.Ad-Hoc|x64.Build.0 = Debug|x64
		{D44259AC-A2CB-454D-A28E-71D8EC230E51}.Ad-Hoc|x64.Deploy.0 = Debug|x64
		{D44259AC-A2CB-454D-A28E-71D8EC230E51}.Ad-Hoc|x86.ActiveCfg = Debug|x86
		{D44259AC-A2CB-454D-A28E-71D8EC230E51}.Ad-Hoc|x86.Build.0 = Debug|x86
		{D44259AC-A2CB-454D-A28E-71D8EC230E51}.Ad-Hoc|x86.Deploy.0 = Debug|x86
		{D44259AC-A2CB-454D-A28E-71D8EC230E51}.AppStore|Any CPU.ActiveCfg = Debug|x86
		{D44259AC-A2CB-454D-A28E-71D8EC230E51}.AppStore|Any CPU.Build.0 = Debug|x86
		{D44259AC-A2CB-454D-A28E-71D8EC230E51}.AppStore|Any CPU.Deploy.0 = Debug|x86
		{D44259AC-A2CB-454D-A28E-71D8EC230E51}.AppStore|ARM.ActiveCfg = Debug|ARM
		{D44259AC-A2CB-454D-A28E-71D8EC230E51}.AppStore|ARM.Build.0 = Debug|ARM
		{D44259AC-A2CB-454D-A28E-71D8EC230E51}.AppStore|ARM.Deploy.0 = Debug|ARM
		{D44259AC-A2CB-454D-A28E-71D8EC230E51}.AppStore|ARM64.ActiveCfg = Debug|ARM64
		{D44259AC-A2CB-454D-A28E-71D8EC230E51}.AppStore|ARM64.Build.0 = Debug|ARM64
		{D44259AC-A2CB-454D-A28E-71D8EC230E51}.AppStore|ARM64.Deploy.0 = Debug|ARM64
		{D44259AC-A2CB-454D-A28E-71D8EC230E51}.AppStore|iPhone.ActiveCfg = Debug|x86
		{D44259AC-A2CB-454D-A28E-71D8EC230E51}.AppStore|iPhone.Build.0 = Debug|x86
		{D44259AC-A2CB-454D-A28E-71D8EC230E51}.AppStore|iPhone.Deploy.0 = Debug|x86
		{D44259AC-A2CB-454D-A28E-71D8EC230E51}.AppStore|iPhoneSimulator.ActiveCfg = Debug|x86
		{D44259AC-A2CB-454D-A28E-71D8EC230E51}.AppStore|iPhoneSimulator.Build.0 = Debug|x86
		{D44259AC-A2CB-454D-A28E-71D8EC230E51}.AppStore|iPhoneSimulator.Deploy.0 = Debug|x86
		{D44259AC-A2CB-454D-A28E-71D8EC230E51}.AppStore|x64.ActiveCfg = Debug|x64
		{D44259AC-A2CB-454D-A28E-71D8EC230E51}.AppStore|x64.Build.0 = Debug|x64
		{D44259AC-A2CB-454D-A28E-71D8EC230E51}.AppStore|x64.Deploy.0 = Debug|x64
		{D44259AC-A2CB-454D-A28E-71D8EC230E51}.AppStore|x86.ActiveCfg = Debug|x86
		{D44259AC-A2CB-454D-A28E-71D8EC230E51}.AppStore|x86.Build.0 = Debug|x86
		{D44259AC-A2CB-454D-A28E-71D8EC230E51}.AppStore|x86.Deploy.0 = Debug|x86
		{D44259AC-A2CB-454D-A28E-71D8EC230E51}.Debug|Any CPU.ActiveCfg = Debug|x64
		{D44259AC-A2CB-454D-A28E-71D8EC230E51}.Debug|Any CPU.Build.0 = Debug|x64
		{D44259AC-A2CB-454D-A28E-71D8EC230E51}.Debug|Any CPU.Deploy.0 = Debug|x64
		{D44259AC-A2CB-454D-A28E-71D8EC230E51}.Debug|ARM.ActiveCfg = Debug|ARM
		{D44259AC-A2CB-454D-A28E-71D8EC230E51}.Debug|ARM.Build.0 = Debug|ARM
		{D44259AC-A2CB-454D-A28E-71D8EC230E51}.Debug|ARM.Deploy.0 = Debug|ARM
		{D44259AC-A2CB-454D-A28E-71D8EC230E51}.Debug|ARM64.ActiveCfg = Debug|ARM64
		{D44259AC-A2CB-454D-A28E-71D8EC230E51}.Debug|ARM64.Build.0 = Debug|ARM64
		{D44259AC-A2CB-454D-A28E-71D8EC230E51}.Debug|ARM64.Deploy.0 = Debug|ARM64
		{D44259AC-A2CB-454D-A28E-71D8EC230E51}.Debug|iPhone.ActiveCfg = Debug|x64
		{D44259AC-A2CB-454D-A28E-71D8EC230E51}.Debug|iPhone.Build.0 = Debug|x64
		{D44259AC-A2CB-454D-A28E-71D8EC230E51}.Debug|iPhone.Deploy.0 = Debug|x64
		{D44259AC-A2CB-454D-A28E-71D8EC230E51}.Debug|iPhoneSimulator.ActiveCfg = Debug|x64
		{D44259AC-A2CB-454D-A28E-71D8EC230E51}.Debug|iPhoneSimulator.Build.0 = Debug|x64
		{D44259AC-A2CB-454D-A28E-71D8EC230E51}.Debug|iPhoneSimulator.Deploy.0 = Debug|x64
		{D44259AC-A2CB-454D-A28E-71D8EC230E51}.Debug|x64.ActiveCfg = Debug|x64
		{D44259AC-A2CB-454D-A28E-71D8EC230E51}.Debug|x64.Build.0 = Debug|x64
		{D44259AC-A2CB-454D-A28E-71D8EC230E51}.Debug|x64.Deploy.0 = Debug|x64
		{D44259AC-A2CB-454D-A28E-71D8EC230E51}.Debug|x86.ActiveCfg = Debug|x86
		{D44259AC-A2CB-454D-A28E-71D8EC230E51}.Debug|x86.Build.0 = Debug|x86
		{D44259AC-A2CB-454D-A28E-71D8EC230E51}.Debug|x86.Deploy.0 = Debug|x86
		{D44259AC-A2CB-454D-A28E-71D8EC230E51}.Release|Any CPU.ActiveCfg = Release|x64
		{D44259AC-A2CB-454D-A28E-71D8EC230E51}.Release|Any CPU.Build.0 = Release|x64
		{D44259AC-A2CB-454D-A28E-71D8EC230E51}.Release|Any CPU.Deploy.0 = Release|x64
		{D44259AC-A2CB-454D-A28E-71D8EC230E51}.Release|ARM.ActiveCfg = Release|ARM
		{D44259AC-A2CB-454D-A28E-71D8EC230E51}.Release|ARM.Build.0 = Release|ARM
		{D44259AC-A2CB-454D-A28E-71D8EC230E51}.Release|ARM.Deploy.0 = Release|ARM
		{D44259AC-A2CB-454D-A28E-71D8EC230E51}.Release|ARM64.ActiveCfg = Release|ARM64
		{D44259AC-A2CB-454D-A28E-71D8EC230E51}.Release|ARM64.Build.0 = Release|ARM64
		{D44259AC-A2CB-454D-A28E-71D8EC230E51}.Release|ARM64.Deploy.0 = Release|ARM64
		{D44259AC-A2CB-454D-A28E-71D8EC230E51}.Release|iPhone.ActiveCfg = Release|x64
		{D44259AC-A2CB-454D-A28E-71D8EC230E51}.Release|iPhone.Build.0 = Release|x64
		{D44259AC-A2CB-454D-A28E-71D8EC230E51}.Release|iPhone.Deploy.0 = Release|x64
		{D44259AC-A2CB-454D-A28E-71D8EC230E51}.Release|iPhoneSimulator.ActiveCfg = Release|x64
		{D44259AC-A2CB-454D-A28E-71D8EC230E51}.Release|iPhoneSimulator.Build.0 = Release|x64
		{D44259AC-A2CB-454D-A28E-71D8EC230E51}.Release|iPhoneSimulator.Deploy.0 = Release|x64
		{D44259AC-A2CB-454D-A28E-71D8EC230E51}.Release|x64.ActiveCfg = Release|x64
		{D44259AC-A2CB-454D-A28E-71D8EC230E51}.Release|x64.Build.0 = Release|x64
		{D44259AC-A2CB-454D-A28E-71D8EC230E51}.Release|x64.Deploy.0 = Release|x64
		{D44259AC-A2CB-454D-A28E-71D8EC230E51}.Release|x86.ActiveCfg = Release|x86
		{D44259AC-A2CB-454D-A28E-71D8EC230E51}.Release|x86.Build.0 = Release|x86
		{D44259AC-A2CB-454D-A28E-71D8EC230E51}.Release|x86.Deploy.0 = Release|x86
		{28315C83-4516-42D3-9CD8-4EB4CDAB054E}.Ad-Hoc|Any CPU.ActiveCfg = Debug|Any CPU
		{28315C83-4516-42D3-9CD8-4EB4CDAB054E}.Ad-Hoc|Any CPU.Build.0 = Debug|Any CPU
		{28315C83-4516-42D3-9CD8-4EB4CDAB054E}.Ad-Hoc|ARM.ActiveCfg = Debug|Any CPU
		{28315C83-4516-42D3-9CD8-4EB4CDAB054E}.Ad-Hoc|ARM.Build.0 = Debug|Any CPU
		{28315C83-4516-42D3-9CD8-4EB4CDAB054E}.Ad-Hoc|ARM64.ActiveCfg = Debug|Any CPU
		{28315C83-4516-42D3-9CD8-4EB4CDAB054E}.Ad-Hoc|ARM64.Build.0 = Debug|Any CPU
		{28315C83-4516-42D3-9CD8-4EB4CDAB054E}.Ad-Hoc|iPhone.ActiveCfg = Debug|Any CPU
		{28315C83-4516-42D3-9CD8-4EB4CDAB054E}.Ad-Hoc|iPhone.Build.0 = Debug|Any CPU
		{28315C83-4516-42D3-9CD8-4EB4CDAB054E}.Ad-Hoc|iPhoneSimulator.ActiveCfg = Debug|Any CPU
		{28315C83-4516-42D3-9CD8-4EB4CDAB054E}.Ad-Hoc|iPhoneSimulator.Build.0 = Debug|Any CPU
		{28315C83-4516-42D3-9CD8-4EB4CDAB054E}.Ad-Hoc|x64.ActiveCfg = Debug|Any CPU
		{28315C83-4516-42D3-9CD8-4EB4CDAB054E}.Ad-Hoc|x64.Build.0 = Debug|Any CPU
		{28315C83-4516-42D3-9CD8-4EB4CDAB054E}.Ad-Hoc|x86.ActiveCfg = Debug|Any CPU
		{28315C83-4516-42D3-9CD8-4EB4CDAB054E}.Ad-Hoc|x86.Build.0 = Debug|Any CPU
		{28315C83-4516-42D3-9CD8-4EB4CDAB054E}.AppStore|Any CPU.ActiveCfg = Debug|Any CPU
		{28315C83-4516-42D3-9CD8-4EB4CDAB054E}.AppStore|Any CPU.Build.0 = Debug|Any CPU
		{28315C83-4516-42D3-9CD8-4EB4CDAB054E}.AppStore|ARM.ActiveCfg = Debug|Any CPU
		{28315C83-4516-42D3-9CD8-4EB4CDAB054E}.AppStore|ARM.Build.0 = Debug|Any CPU
		{28315C83-4516-42D3-9CD8-4EB4CDAB054E}.AppStore|ARM64.ActiveCfg = Debug|Any CPU
		{28315C83-4516-42D3-9CD8-4EB4CDAB054E}.AppStore|ARM64.Build.0 = Debug|Any CPU
		{28315C83-4516-42D3-9CD8-4EB4CDAB054E}.AppStore|iPhone.ActiveCfg = Debug|Any CPU
		{28315C83-4516-42D3-9CD8-4EB4CDAB054E}.AppStore|iPhone.Build.0 = Debug|Any CPU
		{28315C83-4516-42D3-9CD8-4EB4CDAB054E}.AppStore|iPhoneSimulator.ActiveCfg = Debug|Any CPU
		{28315C83-4516-42D3-9CD8-4EB4CDAB054E}.AppStore|iPhoneSimulator.Build.0 = Debug|Any CPU
		{28315C83-4516-42D3-9CD8-4EB4CDAB054E}.AppStore|x64.ActiveCfg = Debug|Any CPU
		{28315C83-4516-42D3-9CD8-4EB4CDAB054E}.AppStore|x64.Build.0 = Debug|Any CPU
		{28315C83-4516-42D3-9CD8-4EB4CDAB054E}.AppStore|x86.ActiveCfg = Debug|Any CPU
		{28315C83-4516-42D3-9CD8-4EB4CDAB054E}.AppStore|x86.Build.0 = Debug|Any CPU
		{28315C83-4516-42D3-9CD8-4EB4CDAB054E}.Debug|Any CPU.ActiveCfg = Debug|Any CPU
		{28315C83-4516-42D3-9CD8-4EB4CDAB054E}.Debug|Any CPU.Build.0 = Debug|Any CPU
		{28315C83-4516-42D3-9CD8-4EB4CDAB054E}.Debug|ARM.ActiveCfg = Debug|Any CPU
		{28315C83-4516-42D3-9CD8-4EB4CDAB054E}.Debug|ARM.Build.0 = Debug|Any CPU
		{28315C83-4516-42D3-9CD8-4EB4CDAB054E}.Debug|ARM64.ActiveCfg = Debug|Any CPU
		{28315C83-4516-42D3-9CD8-4EB4CDAB054E}.Debug|ARM64.Build.0 = Debug|Any CPU
		{28315C83-4516-42D3-9CD8-4EB4CDAB054E}.Debug|iPhone.ActiveCfg = Debug|Any CPU
		{28315C83-4516-42D3-9CD8-4EB4CDAB054E}.Debug|iPhone.Build.0 = Debug|Any CPU
		{28315C83-4516-42D3-9CD8-4EB4CDAB054E}.Debug|iPhoneSimulator.ActiveCfg = Debug|Any CPU
		{28315C83-4516-42D3-9CD8-4EB4CDAB054E}.Debug|iPhoneSimulator.Build.0 = Debug|Any CPU
		{28315C83-4516-42D3-9CD8-4EB4CDAB054E}.Debug|x64.ActiveCfg = Debug|Any CPU
		{28315C83-4516-42D3-9CD8-4EB4CDAB054E}.Debug|x64.Build.0 = Debug|Any CPU
		{28315C83-4516-42D3-9CD8-4EB4CDAB054E}.Debug|x86.ActiveCfg = Debug|Any CPU
		{28315C83-4516-42D3-9CD8-4EB4CDAB054E}.Debug|x86.Build.0 = Debug|Any CPU
		{28315C83-4516-42D3-9CD8-4EB4CDAB054E}.Release|Any CPU.ActiveCfg = Release|Any CPU
		{28315C83-4516-42D3-9CD8-4EB4CDAB054E}.Release|Any CPU.Build.0 = Release|Any CPU
		{28315C83-4516-42D3-9CD8-4EB4CDAB054E}.Release|ARM.ActiveCfg = Release|Any CPU
		{28315C83-4516-42D3-9CD8-4EB4CDAB054E}.Release|ARM.Build.0 = Release|Any CPU
		{28315C83-4516-42D3-9CD8-4EB4CDAB054E}.Release|ARM64.ActiveCfg = Release|Any CPU
		{28315C83-4516-42D3-9CD8-4EB4CDAB054E}.Release|ARM64.Build.0 = Release|Any CPU
		{28315C83-4516-42D3-9CD8-4EB4CDAB054E}.Release|iPhone.ActiveCfg = Release|Any CPU
		{28315C83-4516-42D3-9CD8-4EB4CDAB054E}.Release|iPhone.Build.0 = Release|Any CPU
		{28315C83-4516-42D3-9CD8-4EB4CDAB054E}.Release|iPhoneSimulator.ActiveCfg = Release|Any CPU
		{28315C83-4516-42D3-9CD8-4EB4CDAB054E}.Release|iPhoneSimulator.Build.0 = Release|Any CPU
		{28315C83-4516-42D3-9CD8-4EB4CDAB054E}.Release|x64.ActiveCfg = Release|Any CPU
		{28315C83-4516-42D3-9CD8-4EB4CDAB054E}.Release|x64.Build.0 = Release|Any CPU
		{28315C83-4516-42D3-9CD8-4EB4CDAB054E}.Release|x86.ActiveCfg = Release|Any CPU
		{28315C83-4516-42D3-9CD8-4EB4CDAB054E}.Release|x86.Build.0 = Release|Any CPU
		{6B167CF1-E013-4F82-986F-D5FB6186DA4C}.Ad-Hoc|Any CPU.ActiveCfg = Debug|Any CPU
		{6B167CF1-E013-4F82-986F-D5FB6186DA4C}.Ad-Hoc|Any CPU.Build.0 = Debug|Any CPU
		{6B167CF1-E013-4F82-986F-D5FB6186DA4C}.Ad-Hoc|ARM.ActiveCfg = Debug|Any CPU
		{6B167CF1-E013-4F82-986F-D5FB6186DA4C}.Ad-Hoc|ARM.Build.0 = Debug|Any CPU
		{6B167CF1-E013-4F82-986F-D5FB6186DA4C}.Ad-Hoc|ARM64.ActiveCfg = Debug|Any CPU
		{6B167CF1-E013-4F82-986F-D5FB6186DA4C}.Ad-Hoc|ARM64.Build.0 = Debug|Any CPU
		{6B167CF1-E013-4F82-986F-D5FB6186DA4C}.Ad-Hoc|iPhone.ActiveCfg = Debug|Any CPU
		{6B167CF1-E013-4F82-986F-D5FB6186DA4C}.Ad-Hoc|iPhone.Build.0 = Debug|Any CPU
		{6B167CF1-E013-4F82-986F-D5FB6186DA4C}.Ad-Hoc|iPhoneSimulator.ActiveCfg = Debug|Any CPU
		{6B167CF1-E013-4F82-986F-D5FB6186DA4C}.Ad-Hoc|iPhoneSimulator.Build.0 = Debug|Any CPU
		{6B167CF1-E013-4F82-986F-D5FB6186DA4C}.Ad-Hoc|x64.ActiveCfg = Debug|Any CPU
		{6B167CF1-E013-4F82-986F-D5FB6186DA4C}.Ad-Hoc|x64.Build.0 = Debug|Any CPU
		{6B167CF1-E013-4F82-986F-D5FB6186DA4C}.Ad-Hoc|x86.ActiveCfg = Debug|Any CPU
		{6B167CF1-E013-4F82-986F-D5FB6186DA4C}.Ad-Hoc|x86.Build.0 = Debug|Any CPU
		{6B167CF1-E013-4F82-986F-D5FB6186DA4C}.AppStore|Any CPU.ActiveCfg = Debug|Any CPU
		{6B167CF1-E013-4F82-986F-D5FB6186DA4C}.AppStore|Any CPU.Build.0 = Debug|Any CPU
		{6B167CF1-E013-4F82-986F-D5FB6186DA4C}.AppStore|ARM.ActiveCfg = Debug|Any CPU
		{6B167CF1-E013-4F82-986F-D5FB6186DA4C}.AppStore|ARM.Build.0 = Debug|Any CPU
		{6B167CF1-E013-4F82-986F-D5FB6186DA4C}.AppStore|ARM64.ActiveCfg = Debug|Any CPU
		{6B167CF1-E013-4F82-986F-D5FB6186DA4C}.AppStore|ARM64.Build.0 = Debug|Any CPU
		{6B167CF1-E013-4F82-986F-D5FB6186DA4C}.AppStore|iPhone.ActiveCfg = Debug|Any CPU
		{6B167CF1-E013-4F82-986F-D5FB6186DA4C}.AppStore|iPhone.Build.0 = Debug|Any CPU
		{6B167CF1-E013-4F82-986F-D5FB6186DA4C}.AppStore|iPhoneSimulator.ActiveCfg = Debug|Any CPU
		{6B167CF1-E013-4F82-986F-D5FB6186DA4C}.AppStore|iPhoneSimulator.Build.0 = Debug|Any CPU
		{6B167CF1-E013-4F82-986F-D5FB6186DA4C}.AppStore|x64.ActiveCfg = Debug|Any CPU
		{6B167CF1-E013-4F82-986F-D5FB6186DA4C}.AppStore|x64.Build.0 = Debug|Any CPU
		{6B167CF1-E013-4F82-986F-D5FB6186DA4C}.AppStore|x86.ActiveCfg = Debug|Any CPU
		{6B167CF1-E013-4F82-986F-D5FB6186DA4C}.AppStore|x86.Build.0 = Debug|Any CPU
		{6B167CF1-E013-4F82-986F-D5FB6186DA4C}.Debug|Any CPU.ActiveCfg = Debug|Any CPU
		{6B167CF1-E013-4F82-986F-D5FB6186DA4C}.Debug|Any CPU.Build.0 = Debug|Any CPU
		{6B167CF1-E013-4F82-986F-D5FB6186DA4C}.Debug|ARM.ActiveCfg = Debug|Any CPU
		{6B167CF1-E013-4F82-986F-D5FB6186DA4C}.Debug|ARM.Build.0 = Debug|Any CPU
		{6B167CF1-E013-4F82-986F-D5FB6186DA4C}.Debug|ARM64.ActiveCfg = Debug|Any CPU
		{6B167CF1-E013-4F82-986F-D5FB6186DA4C}.Debug|ARM64.Build.0 = Debug|Any CPU
		{6B167CF1-E013-4F82-986F-D5FB6186DA4C}.Debug|iPhone.ActiveCfg = Debug|Any CPU
		{6B167CF1-E013-4F82-986F-D5FB6186DA4C}.Debug|iPhone.Build.0 = Debug|Any CPU
		{6B167CF1-E013-4F82-986F-D5FB6186DA4C}.Debug|iPhoneSimulator.ActiveCfg = Debug|Any CPU
		{6B167CF1-E013-4F82-986F-D5FB6186DA4C}.Debug|iPhoneSimulator.Build.0 = Debug|Any CPU
		{6B167CF1-E013-4F82-986F-D5FB6186DA4C}.Debug|x64.ActiveCfg = Debug|Any CPU
		{6B167CF1-E013-4F82-986F-D5FB6186DA4C}.Debug|x64.Build.0 = Debug|Any CPU
		{6B167CF1-E013-4F82-986F-D5FB6186DA4C}.Debug|x86.ActiveCfg = Debug|Any CPU
		{6B167CF1-E013-4F82-986F-D5FB6186DA4C}.Debug|x86.Build.0 = Debug|Any CPU
		{6B167CF1-E013-4F82-986F-D5FB6186DA4C}.Release|Any CPU.ActiveCfg = Release|Any CPU
		{6B167CF1-E013-4F82-986F-D5FB6186DA4C}.Release|Any CPU.Build.0 = Release|Any CPU
		{6B167CF1-E013-4F82-986F-D5FB6186DA4C}.Release|ARM.ActiveCfg = Release|Any CPU
		{6B167CF1-E013-4F82-986F-D5FB6186DA4C}.Release|ARM.Build.0 = Release|Any CPU
		{6B167CF1-E013-4F82-986F-D5FB6186DA4C}.Release|ARM64.ActiveCfg = Release|Any CPU
		{6B167CF1-E013-4F82-986F-D5FB6186DA4C}.Release|ARM64.Build.0 = Release|Any CPU
		{6B167CF1-E013-4F82-986F-D5FB6186DA4C}.Release|iPhone.ActiveCfg = Release|Any CPU
		{6B167CF1-E013-4F82-986F-D5FB6186DA4C}.Release|iPhone.Build.0 = Release|Any CPU
		{6B167CF1-E013-4F82-986F-D5FB6186DA4C}.Release|iPhoneSimulator.ActiveCfg = Release|Any CPU
		{6B167CF1-E013-4F82-986F-D5FB6186DA4C}.Release|iPhoneSimulator.Build.0 = Release|Any CPU
		{6B167CF1-E013-4F82-986F-D5FB6186DA4C}.Release|x64.ActiveCfg = Release|Any CPU
		{6B167CF1-E013-4F82-986F-D5FB6186DA4C}.Release|x64.Build.0 = Release|Any CPU
		{6B167CF1-E013-4F82-986F-D5FB6186DA4C}.Release|x86.ActiveCfg = Release|Any CPU
		{6B167CF1-E013-4F82-986F-D5FB6186DA4C}.Release|x86.Build.0 = Release|Any CPU
		{20C159CB-3D22-495A-ABFD-BED0D2D3509F}.Ad-Hoc|Any CPU.ActiveCfg = Debug|Any CPU
		{20C159CB-3D22-495A-ABFD-BED0D2D3509F}.Ad-Hoc|Any CPU.Build.0 = Debug|Any CPU
		{20C159CB-3D22-495A-ABFD-BED0D2D3509F}.Ad-Hoc|ARM.ActiveCfg = Debug|Any CPU
		{20C159CB-3D22-495A-ABFD-BED0D2D3509F}.Ad-Hoc|ARM.Build.0 = Debug|Any CPU
		{20C159CB-3D22-495A-ABFD-BED0D2D3509F}.Ad-Hoc|ARM64.ActiveCfg = Debug|Any CPU
		{20C159CB-3D22-495A-ABFD-BED0D2D3509F}.Ad-Hoc|ARM64.Build.0 = Debug|Any CPU
		{20C159CB-3D22-495A-ABFD-BED0D2D3509F}.Ad-Hoc|iPhone.ActiveCfg = Debug|Any CPU
		{20C159CB-3D22-495A-ABFD-BED0D2D3509F}.Ad-Hoc|iPhone.Build.0 = Debug|Any CPU
		{20C159CB-3D22-495A-ABFD-BED0D2D3509F}.Ad-Hoc|iPhoneSimulator.ActiveCfg = Debug|Any CPU
		{20C159CB-3D22-495A-ABFD-BED0D2D3509F}.Ad-Hoc|iPhoneSimulator.Build.0 = Debug|Any CPU
		{20C159CB-3D22-495A-ABFD-BED0D2D3509F}.Ad-Hoc|x64.ActiveCfg = Debug|Any CPU
		{20C159CB-3D22-495A-ABFD-BED0D2D3509F}.Ad-Hoc|x64.Build.0 = Debug|Any CPU
		{20C159CB-3D22-495A-ABFD-BED0D2D3509F}.Ad-Hoc|x86.ActiveCfg = Debug|Any CPU
		{20C159CB-3D22-495A-ABFD-BED0D2D3509F}.Ad-Hoc|x86.Build.0 = Debug|Any CPU
		{20C159CB-3D22-495A-ABFD-BED0D2D3509F}.AppStore|Any CPU.ActiveCfg = Debug|Any CPU
		{20C159CB-3D22-495A-ABFD-BED0D2D3509F}.AppStore|Any CPU.Build.0 = Debug|Any CPU
		{20C159CB-3D22-495A-ABFD-BED0D2D3509F}.AppStore|ARM.ActiveCfg = Debug|Any CPU
		{20C159CB-3D22-495A-ABFD-BED0D2D3509F}.AppStore|ARM.Build.0 = Debug|Any CPU
		{20C159CB-3D22-495A-ABFD-BED0D2D3509F}.AppStore|ARM64.ActiveCfg = Debug|Any CPU
		{20C159CB-3D22-495A-ABFD-BED0D2D3509F}.AppStore|ARM64.Build.0 = Debug|Any CPU
		{20C159CB-3D22-495A-ABFD-BED0D2D3509F}.AppStore|iPhone.ActiveCfg = Debug|Any CPU
		{20C159CB-3D22-495A-ABFD-BED0D2D3509F}.AppStore|iPhone.Build.0 = Debug|Any CPU
		{20C159CB-3D22-495A-ABFD-BED0D2D3509F}.AppStore|iPhoneSimulator.ActiveCfg = Debug|Any CPU
		{20C159CB-3D22-495A-ABFD-BED0D2D3509F}.AppStore|iPhoneSimulator.Build.0 = Debug|Any CPU
		{20C159CB-3D22-495A-ABFD-BED0D2D3509F}.AppStore|x64.ActiveCfg = Debug|Any CPU
		{20C159CB-3D22-495A-ABFD-BED0D2D3509F}.AppStore|x64.Build.0 = Debug|Any CPU
		{20C159CB-3D22-495A-ABFD-BED0D2D3509F}.AppStore|x86.ActiveCfg = Debug|Any CPU
		{20C159CB-3D22-495A-ABFD-BED0D2D3509F}.AppStore|x86.Build.0 = Debug|Any CPU
		{20C159CB-3D22-495A-ABFD-BED0D2D3509F}.Debug|Any CPU.ActiveCfg = Debug|Any CPU
		{20C159CB-3D22-495A-ABFD-BED0D2D3509F}.Debug|Any CPU.Build.0 = Debug|Any CPU
		{20C159CB-3D22-495A-ABFD-BED0D2D3509F}.Debug|ARM.ActiveCfg = Debug|Any CPU
		{20C159CB-3D22-495A-ABFD-BED0D2D3509F}.Debug|ARM.Build.0 = Debug|Any CPU
		{20C159CB-3D22-495A-ABFD-BED0D2D3509F}.Debug|ARM64.ActiveCfg = Debug|Any CPU
		{20C159CB-3D22-495A-ABFD-BED0D2D3509F}.Debug|ARM64.Build.0 = Debug|Any CPU
		{20C159CB-3D22-495A-ABFD-BED0D2D3509F}.Debug|iPhone.ActiveCfg = Debug|Any CPU
		{20C159CB-3D22-495A-ABFD-BED0D2D3509F}.Debug|iPhone.Build.0 = Debug|Any CPU
		{20C159CB-3D22-495A-ABFD-BED0D2D3509F}.Debug|iPhoneSimulator.ActiveCfg = Debug|Any CPU
		{20C159CB-3D22-495A-ABFD-BED0D2D3509F}.Debug|iPhoneSimulator.Build.0 = Debug|Any CPU
		{20C159CB-3D22-495A-ABFD-BED0D2D3509F}.Debug|x64.ActiveCfg = Debug|Any CPU
		{20C159CB-3D22-495A-ABFD-BED0D2D3509F}.Debug|x64.Build.0 = Debug|Any CPU
		{20C159CB-3D22-495A-ABFD-BED0D2D3509F}.Debug|x86.ActiveCfg = Debug|Any CPU
		{20C159CB-3D22-495A-ABFD-BED0D2D3509F}.Debug|x86.Build.0 = Debug|Any CPU
		{20C159CB-3D22-495A-ABFD-BED0D2D3509F}.Release|Any CPU.ActiveCfg = Release|Any CPU
		{20C159CB-3D22-495A-ABFD-BED0D2D3509F}.Release|Any CPU.Build.0 = Release|Any CPU
		{20C159CB-3D22-495A-ABFD-BED0D2D3509F}.Release|ARM.ActiveCfg = Release|Any CPU
		{20C159CB-3D22-495A-ABFD-BED0D2D3509F}.Release|ARM.Build.0 = Release|Any CPU
		{20C159CB-3D22-495A-ABFD-BED0D2D3509F}.Release|ARM64.ActiveCfg = Release|Any CPU
		{20C159CB-3D22-495A-ABFD-BED0D2D3509F}.Release|ARM64.Build.0 = Release|Any CPU
		{20C159CB-3D22-495A-ABFD-BED0D2D3509F}.Release|iPhone.ActiveCfg = Release|Any CPU
		{20C159CB-3D22-495A-ABFD-BED0D2D3509F}.Release|iPhone.Build.0 = Release|Any CPU
		{20C159CB-3D22-495A-ABFD-BED0D2D3509F}.Release|iPhoneSimulator.ActiveCfg = Release|Any CPU
		{20C159CB-3D22-495A-ABFD-BED0D2D3509F}.Release|iPhoneSimulator.Build.0 = Release|Any CPU
		{20C159CB-3D22-495A-ABFD-BED0D2D3509F}.Release|x64.ActiveCfg = Release|Any CPU
		{20C159CB-3D22-495A-ABFD-BED0D2D3509F}.Release|x64.Build.0 = Release|Any CPU
		{20C159CB-3D22-495A-ABFD-BED0D2D3509F}.Release|x86.ActiveCfg = Release|Any CPU
		{20C159CB-3D22-495A-ABFD-BED0D2D3509F}.Release|x86.Build.0 = Release|Any CPU
		{52CD3282-385B-43BA-9ECB-572ECC28F956}.Ad-Hoc|Any CPU.ActiveCfg = Debug|Any CPU
		{52CD3282-385B-43BA-9ECB-572ECC28F956}.Ad-Hoc|Any CPU.Build.0 = Debug|Any CPU
		{52CD3282-385B-43BA-9ECB-572ECC28F956}.Ad-Hoc|ARM.ActiveCfg = Debug|Any CPU
		{52CD3282-385B-43BA-9ECB-572ECC28F956}.Ad-Hoc|ARM.Build.0 = Debug|Any CPU
		{52CD3282-385B-43BA-9ECB-572ECC28F956}.Ad-Hoc|ARM64.ActiveCfg = Debug|Any CPU
		{52CD3282-385B-43BA-9ECB-572ECC28F956}.Ad-Hoc|ARM64.Build.0 = Debug|Any CPU
		{52CD3282-385B-43BA-9ECB-572ECC28F956}.Ad-Hoc|iPhone.ActiveCfg = Debug|Any CPU
		{52CD3282-385B-43BA-9ECB-572ECC28F956}.Ad-Hoc|iPhone.Build.0 = Debug|Any CPU
		{52CD3282-385B-43BA-9ECB-572ECC28F956}.Ad-Hoc|iPhoneSimulator.ActiveCfg = Debug|Any CPU
		{52CD3282-385B-43BA-9ECB-572ECC28F956}.Ad-Hoc|iPhoneSimulator.Build.0 = Debug|Any CPU
		{52CD3282-385B-43BA-9ECB-572ECC28F956}.Ad-Hoc|x64.ActiveCfg = Debug|Any CPU
		{52CD3282-385B-43BA-9ECB-572ECC28F956}.Ad-Hoc|x64.Build.0 = Debug|Any CPU
		{52CD3282-385B-43BA-9ECB-572ECC28F956}.Ad-Hoc|x86.ActiveCfg = Debug|Any CPU
		{52CD3282-385B-43BA-9ECB-572ECC28F956}.Ad-Hoc|x86.Build.0 = Debug|Any CPU
		{52CD3282-385B-43BA-9ECB-572ECC28F956}.AppStore|Any CPU.ActiveCfg = Debug|Any CPU
		{52CD3282-385B-43BA-9ECB-572ECC28F956}.AppStore|Any CPU.Build.0 = Debug|Any CPU
		{52CD3282-385B-43BA-9ECB-572ECC28F956}.AppStore|ARM.ActiveCfg = Debug|Any CPU
		{52CD3282-385B-43BA-9ECB-572ECC28F956}.AppStore|ARM.Build.0 = Debug|Any CPU
		{52CD3282-385B-43BA-9ECB-572ECC28F956}.AppStore|ARM64.ActiveCfg = Debug|Any CPU
		{52CD3282-385B-43BA-9ECB-572ECC28F956}.AppStore|ARM64.Build.0 = Debug|Any CPU
		{52CD3282-385B-43BA-9ECB-572ECC28F956}.AppStore|iPhone.ActiveCfg = Debug|Any CPU
		{52CD3282-385B-43BA-9ECB-572ECC28F956}.AppStore|iPhone.Build.0 = Debug|Any CPU
		{52CD3282-385B-43BA-9ECB-572ECC28F956}.AppStore|iPhoneSimulator.ActiveCfg = Debug|Any CPU
		{52CD3282-385B-43BA-9ECB-572ECC28F956}.AppStore|iPhoneSimulator.Build.0 = Debug|Any CPU
		{52CD3282-385B-43BA-9ECB-572ECC28F956}.AppStore|x64.ActiveCfg = Debug|Any CPU
		{52CD3282-385B-43BA-9ECB-572ECC28F956}.AppStore|x64.Build.0 = Debug|Any CPU
		{52CD3282-385B-43BA-9ECB-572ECC28F956}.AppStore|x86.ActiveCfg = Debug|Any CPU
		{52CD3282-385B-43BA-9ECB-572ECC28F956}.AppStore|x86.Build.0 = Debug|Any CPU
		{52CD3282-385B-43BA-9ECB-572ECC28F956}.Debug|Any CPU.ActiveCfg = Debug|Any CPU
		{52CD3282-385B-43BA-9ECB-572ECC28F956}.Debug|Any CPU.Build.0 = Debug|Any CPU
		{52CD3282-385B-43BA-9ECB-572ECC28F956}.Debug|ARM.ActiveCfg = Debug|Any CPU
		{52CD3282-385B-43BA-9ECB-572ECC28F956}.Debug|ARM.Build.0 = Debug|Any CPU
		{52CD3282-385B-43BA-9ECB-572ECC28F956}.Debug|ARM64.ActiveCfg = Debug|Any CPU
		{52CD3282-385B-43BA-9ECB-572ECC28F956}.Debug|ARM64.Build.0 = Debug|Any CPU
		{52CD3282-385B-43BA-9ECB-572ECC28F956}.Debug|iPhone.ActiveCfg = Debug|Any CPU
		{52CD3282-385B-43BA-9ECB-572ECC28F956}.Debug|iPhone.Build.0 = Debug|Any CPU
		{52CD3282-385B-43BA-9ECB-572ECC28F956}.Debug|iPhoneSimulator.ActiveCfg = Debug|Any CPU
		{52CD3282-385B-43BA-9ECB-572ECC28F956}.Debug|iPhoneSimulator.Build.0 = Debug|Any CPU
		{52CD3282-385B-43BA-9ECB-572ECC28F956}.Debug|x64.ActiveCfg = Debug|Any CPU
		{52CD3282-385B-43BA-9ECB-572ECC28F956}.Debug|x64.Build.0 = Debug|Any CPU
		{52CD3282-385B-43BA-9ECB-572ECC28F956}.Debug|x86.ActiveCfg = Debug|Any CPU
		{52CD3282-385B-43BA-9ECB-572ECC28F956}.Debug|x86.Build.0 = Debug|Any CPU
		{52CD3282-385B-43BA-9ECB-572ECC28F956}.Release|Any CPU.ActiveCfg = Release|Any CPU
		{52CD3282-385B-43BA-9ECB-572ECC28F956}.Release|Any CPU.Build.0 = Release|Any CPU
		{52CD3282-385B-43BA-9ECB-572ECC28F956}.Release|ARM.ActiveCfg = Release|Any CPU
		{52CD3282-385B-43BA-9ECB-572ECC28F956}.Release|ARM.Build.0 = Release|Any CPU
		{52CD3282-385B-43BA-9ECB-572ECC28F956}.Release|ARM64.ActiveCfg = Release|Any CPU
		{52CD3282-385B-43BA-9ECB-572ECC28F956}.Release|ARM64.Build.0 = Release|Any CPU
		{52CD3282-385B-43BA-9ECB-572ECC28F956}.Release|iPhone.ActiveCfg = Release|Any CPU
		{52CD3282-385B-43BA-9ECB-572ECC28F956}.Release|iPhone.Build.0 = Release|Any CPU
		{52CD3282-385B-43BA-9ECB-572ECC28F956}.Release|iPhoneSimulator.ActiveCfg = Release|Any CPU
		{52CD3282-385B-43BA-9ECB-572ECC28F956}.Release|iPhoneSimulator.Build.0 = Release|Any CPU
		{52CD3282-385B-43BA-9ECB-572ECC28F956}.Release|x64.ActiveCfg = Release|Any CPU
		{52CD3282-385B-43BA-9ECB-572ECC28F956}.Release|x64.Build.0 = Release|Any CPU
		{52CD3282-385B-43BA-9ECB-572ECC28F956}.Release|x86.ActiveCfg = Release|Any CPU
		{52CD3282-385B-43BA-9ECB-572ECC28F956}.Release|x86.Build.0 = Release|Any CPU
		{BD705AE8-C6AC-42DD-B7F5-4E9D7E9AF6CF}.Ad-Hoc|Any CPU.ActiveCfg = Debug|Any CPU
		{BD705AE8-C6AC-42DD-B7F5-4E9D7E9AF6CF}.Ad-Hoc|Any CPU.Build.0 = Debug|Any CPU
		{BD705AE8-C6AC-42DD-B7F5-4E9D7E9AF6CF}.Ad-Hoc|ARM.ActiveCfg = Debug|Any CPU
		{BD705AE8-C6AC-42DD-B7F5-4E9D7E9AF6CF}.Ad-Hoc|ARM.Build.0 = Debug|Any CPU
		{BD705AE8-C6AC-42DD-B7F5-4E9D7E9AF6CF}.Ad-Hoc|ARM64.ActiveCfg = Debug|Any CPU
		{BD705AE8-C6AC-42DD-B7F5-4E9D7E9AF6CF}.Ad-Hoc|ARM64.Build.0 = Debug|Any CPU
		{BD705AE8-C6AC-42DD-B7F5-4E9D7E9AF6CF}.Ad-Hoc|iPhone.ActiveCfg = Debug|Any CPU
		{BD705AE8-C6AC-42DD-B7F5-4E9D7E9AF6CF}.Ad-Hoc|iPhone.Build.0 = Debug|Any CPU
		{BD705AE8-C6AC-42DD-B7F5-4E9D7E9AF6CF}.Ad-Hoc|iPhoneSimulator.ActiveCfg = Debug|Any CPU
		{BD705AE8-C6AC-42DD-B7F5-4E9D7E9AF6CF}.Ad-Hoc|iPhoneSimulator.Build.0 = Debug|Any CPU
		{BD705AE8-C6AC-42DD-B7F5-4E9D7E9AF6CF}.Ad-Hoc|x64.ActiveCfg = Debug|Any CPU
		{BD705AE8-C6AC-42DD-B7F5-4E9D7E9AF6CF}.Ad-Hoc|x64.Build.0 = Debug|Any CPU
		{BD705AE8-C6AC-42DD-B7F5-4E9D7E9AF6CF}.Ad-Hoc|x86.ActiveCfg = Debug|Any CPU
		{BD705AE8-C6AC-42DD-B7F5-4E9D7E9AF6CF}.Ad-Hoc|x86.Build.0 = Debug|Any CPU
		{BD705AE8-C6AC-42DD-B7F5-4E9D7E9AF6CF}.AppStore|Any CPU.ActiveCfg = Debug|Any CPU
		{BD705AE8-C6AC-42DD-B7F5-4E9D7E9AF6CF}.AppStore|Any CPU.Build.0 = Debug|Any CPU
		{BD705AE8-C6AC-42DD-B7F5-4E9D7E9AF6CF}.AppStore|ARM.ActiveCfg = Debug|Any CPU
		{BD705AE8-C6AC-42DD-B7F5-4E9D7E9AF6CF}.AppStore|ARM.Build.0 = Debug|Any CPU
		{BD705AE8-C6AC-42DD-B7F5-4E9D7E9AF6CF}.AppStore|ARM64.ActiveCfg = Debug|Any CPU
		{BD705AE8-C6AC-42DD-B7F5-4E9D7E9AF6CF}.AppStore|ARM64.Build.0 = Debug|Any CPU
		{BD705AE8-C6AC-42DD-B7F5-4E9D7E9AF6CF}.AppStore|iPhone.ActiveCfg = Debug|Any CPU
		{BD705AE8-C6AC-42DD-B7F5-4E9D7E9AF6CF}.AppStore|iPhone.Build.0 = Debug|Any CPU
		{BD705AE8-C6AC-42DD-B7F5-4E9D7E9AF6CF}.AppStore|iPhoneSimulator.ActiveCfg = Debug|Any CPU
		{BD705AE8-C6AC-42DD-B7F5-4E9D7E9AF6CF}.AppStore|iPhoneSimulator.Build.0 = Debug|Any CPU
		{BD705AE8-C6AC-42DD-B7F5-4E9D7E9AF6CF}.AppStore|x64.ActiveCfg = Debug|Any CPU
		{BD705AE8-C6AC-42DD-B7F5-4E9D7E9AF6CF}.AppStore|x64.Build.0 = Debug|Any CPU
		{BD705AE8-C6AC-42DD-B7F5-4E9D7E9AF6CF}.AppStore|x86.ActiveCfg = Debug|Any CPU
		{BD705AE8-C6AC-42DD-B7F5-4E9D7E9AF6CF}.AppStore|x86.Build.0 = Debug|Any CPU
		{BD705AE8-C6AC-42DD-B7F5-4E9D7E9AF6CF}.Debug|Any CPU.ActiveCfg = Debug|Any CPU
		{BD705AE8-C6AC-42DD-B7F5-4E9D7E9AF6CF}.Debug|Any CPU.Build.0 = Debug|Any CPU
		{BD705AE8-C6AC-42DD-B7F5-4E9D7E9AF6CF}.Debug|ARM.ActiveCfg = Debug|Any CPU
		{BD705AE8-C6AC-42DD-B7F5-4E9D7E9AF6CF}.Debug|ARM.Build.0 = Debug|Any CPU
		{BD705AE8-C6AC-42DD-B7F5-4E9D7E9AF6CF}.Debug|ARM64.ActiveCfg = Debug|Any CPU
		{BD705AE8-C6AC-42DD-B7F5-4E9D7E9AF6CF}.Debug|ARM64.Build.0 = Debug|Any CPU
		{BD705AE8-C6AC-42DD-B7F5-4E9D7E9AF6CF}.Debug|iPhone.ActiveCfg = Debug|Any CPU
		{BD705AE8-C6AC-42DD-B7F5-4E9D7E9AF6CF}.Debug|iPhone.Build.0 = Debug|Any CPU
		{BD705AE8-C6AC-42DD-B7F5-4E9D7E9AF6CF}.Debug|iPhoneSimulator.ActiveCfg = Debug|Any CPU
		{BD705AE8-C6AC-42DD-B7F5-4E9D7E9AF6CF}.Debug|iPhoneSimulator.Build.0 = Debug|Any CPU
		{BD705AE8-C6AC-42DD-B7F5-4E9D7E9AF6CF}.Debug|x64.ActiveCfg = Debug|Any CPU
		{BD705AE8-C6AC-42DD-B7F5-4E9D7E9AF6CF}.Debug|x64.Build.0 = Debug|Any CPU
		{BD705AE8-C6AC-42DD-B7F5-4E9D7E9AF6CF}.Debug|x86.ActiveCfg = Debug|Any CPU
		{BD705AE8-C6AC-42DD-B7F5-4E9D7E9AF6CF}.Debug|x86.Build.0 = Debug|Any CPU
		{BD705AE8-C6AC-42DD-B7F5-4E9D7E9AF6CF}.Release|Any CPU.ActiveCfg = Release|Any CPU
		{BD705AE8-C6AC-42DD-B7F5-4E9D7E9AF6CF}.Release|Any CPU.Build.0 = Release|Any CPU
		{BD705AE8-C6AC-42DD-B7F5-4E9D7E9AF6CF}.Release|ARM.ActiveCfg = Release|Any CPU
		{BD705AE8-C6AC-42DD-B7F5-4E9D7E9AF6CF}.Release|ARM.Build.0 = Release|Any CPU
		{BD705AE8-C6AC-42DD-B7F5-4E9D7E9AF6CF}.Release|ARM64.ActiveCfg = Release|Any CPU
		{BD705AE8-C6AC-42DD-B7F5-4E9D7E9AF6CF}.Release|ARM64.Build.0 = Release|Any CPU
		{BD705AE8-C6AC-42DD-B7F5-4E9D7E9AF6CF}.Release|iPhone.ActiveCfg = Release|Any CPU
		{BD705AE8-C6AC-42DD-B7F5-4E9D7E9AF6CF}.Release|iPhone.Build.0 = Release|Any CPU
		{BD705AE8-C6AC-42DD-B7F5-4E9D7E9AF6CF}.Release|iPhoneSimulator.ActiveCfg = Release|Any CPU
		{BD705AE8-C6AC-42DD-B7F5-4E9D7E9AF6CF}.Release|iPhoneSimulator.Build.0 = Release|Any CPU
		{BD705AE8-C6AC-42DD-B7F5-4E9D7E9AF6CF}.Release|x64.ActiveCfg = Release|Any CPU
		{BD705AE8-C6AC-42DD-B7F5-4E9D7E9AF6CF}.Release|x64.Build.0 = Release|Any CPU
		{BD705AE8-C6AC-42DD-B7F5-4E9D7E9AF6CF}.Release|x86.ActiveCfg = Release|Any CPU
		{BD705AE8-C6AC-42DD-B7F5-4E9D7E9AF6CF}.Release|x86.Build.0 = Release|Any CPU
		{78526E29-C4C4-4771-BAA6-115C99978C71}.Ad-Hoc|Any CPU.ActiveCfg = Debug|Any CPU
		{78526E29-C4C4-4771-BAA6-115C99978C71}.Ad-Hoc|Any CPU.Build.0 = Debug|Any CPU
		{78526E29-C4C4-4771-BAA6-115C99978C71}.Ad-Hoc|ARM.ActiveCfg = Debug|Any CPU
		{78526E29-C4C4-4771-BAA6-115C99978C71}.Ad-Hoc|ARM.Build.0 = Debug|Any CPU
		{78526E29-C4C4-4771-BAA6-115C99978C71}.Ad-Hoc|ARM64.ActiveCfg = Debug|Any CPU
		{78526E29-C4C4-4771-BAA6-115C99978C71}.Ad-Hoc|ARM64.Build.0 = Debug|Any CPU
		{78526E29-C4C4-4771-BAA6-115C99978C71}.Ad-Hoc|iPhone.ActiveCfg = Debug|Any CPU
		{78526E29-C4C4-4771-BAA6-115C99978C71}.Ad-Hoc|iPhone.Build.0 = Debug|Any CPU
		{78526E29-C4C4-4771-BAA6-115C99978C71}.Ad-Hoc|iPhoneSimulator.ActiveCfg = Debug|Any CPU
		{78526E29-C4C4-4771-BAA6-115C99978C71}.Ad-Hoc|iPhoneSimulator.Build.0 = Debug|Any CPU
		{78526E29-C4C4-4771-BAA6-115C99978C71}.Ad-Hoc|x64.ActiveCfg = Debug|Any CPU
		{78526E29-C4C4-4771-BAA6-115C99978C71}.Ad-Hoc|x64.Build.0 = Debug|Any CPU
		{78526E29-C4C4-4771-BAA6-115C99978C71}.Ad-Hoc|x86.ActiveCfg = Debug|Any CPU
		{78526E29-C4C4-4771-BAA6-115C99978C71}.Ad-Hoc|x86.Build.0 = Debug|Any CPU
		{78526E29-C4C4-4771-BAA6-115C99978C71}.AppStore|Any CPU.ActiveCfg = Debug|Any CPU
		{78526E29-C4C4-4771-BAA6-115C99978C71}.AppStore|Any CPU.Build.0 = Debug|Any CPU
		{78526E29-C4C4-4771-BAA6-115C99978C71}.AppStore|ARM.ActiveCfg = Debug|Any CPU
		{78526E29-C4C4-4771-BAA6-115C99978C71}.AppStore|ARM.Build.0 = Debug|Any CPU
		{78526E29-C4C4-4771-BAA6-115C99978C71}.AppStore|ARM64.ActiveCfg = Debug|Any CPU
		{78526E29-C4C4-4771-BAA6-115C99978C71}.AppStore|ARM64.Build.0 = Debug|Any CPU
		{78526E29-C4C4-4771-BAA6-115C99978C71}.AppStore|iPhone.ActiveCfg = Debug|Any CPU
		{78526E29-C4C4-4771-BAA6-115C99978C71}.AppStore|iPhone.Build.0 = Debug|Any CPU
		{78526E29-C4C4-4771-BAA6-115C99978C71}.AppStore|iPhoneSimulator.ActiveCfg = Debug|Any CPU
		{78526E29-C4C4-4771-BAA6-115C99978C71}.AppStore|iPhoneSimulator.Build.0 = Debug|Any CPU
		{78526E29-C4C4-4771-BAA6-115C99978C71}.AppStore|x64.ActiveCfg = Debug|Any CPU
		{78526E29-C4C4-4771-BAA6-115C99978C71}.AppStore|x64.Build.0 = Debug|Any CPU
		{78526E29-C4C4-4771-BAA6-115C99978C71}.AppStore|x86.ActiveCfg = Debug|Any CPU
		{78526E29-C4C4-4771-BAA6-115C99978C71}.AppStore|x86.Build.0 = Debug|Any CPU
		{78526E29-C4C4-4771-BAA6-115C99978C71}.Debug|Any CPU.ActiveCfg = Debug|Any CPU
		{78526E29-C4C4-4771-BAA6-115C99978C71}.Debug|Any CPU.Build.0 = Debug|Any CPU
		{78526E29-C4C4-4771-BAA6-115C99978C71}.Debug|ARM.ActiveCfg = Debug|Any CPU
		{78526E29-C4C4-4771-BAA6-115C99978C71}.Debug|ARM.Build.0 = Debug|Any CPU
		{78526E29-C4C4-4771-BAA6-115C99978C71}.Debug|ARM64.ActiveCfg = Debug|Any CPU
		{78526E29-C4C4-4771-BAA6-115C99978C71}.Debug|ARM64.Build.0 = Debug|Any CPU
		{78526E29-C4C4-4771-BAA6-115C99978C71}.Debug|iPhone.ActiveCfg = Debug|Any CPU
		{78526E29-C4C4-4771-BAA6-115C99978C71}.Debug|iPhone.Build.0 = Debug|Any CPU
		{78526E29-C4C4-4771-BAA6-115C99978C71}.Debug|iPhoneSimulator.ActiveCfg = Debug|Any CPU
		{78526E29-C4C4-4771-BAA6-115C99978C71}.Debug|iPhoneSimulator.Build.0 = Debug|Any CPU
		{78526E29-C4C4-4771-BAA6-115C99978C71}.Debug|x64.ActiveCfg = Debug|Any CPU
		{78526E29-C4C4-4771-BAA6-115C99978C71}.Debug|x64.Build.0 = Debug|Any CPU
		{78526E29-C4C4-4771-BAA6-115C99978C71}.Debug|x86.ActiveCfg = Debug|Any CPU
		{78526E29-C4C4-4771-BAA6-115C99978C71}.Debug|x86.Build.0 = Debug|Any CPU
		{78526E29-C4C4-4771-BAA6-115C99978C71}.Release|Any CPU.ActiveCfg = Release|Any CPU
		{78526E29-C4C4-4771-BAA6-115C99978C71}.Release|Any CPU.Build.0 = Release|Any CPU
		{78526E29-C4C4-4771-BAA6-115C99978C71}.Release|ARM.ActiveCfg = Release|Any CPU
		{78526E29-C4C4-4771-BAA6-115C99978C71}.Release|ARM.Build.0 = Release|Any CPU
		{78526E29-C4C4-4771-BAA6-115C99978C71}.Release|ARM64.ActiveCfg = Release|Any CPU
		{78526E29-C4C4-4771-BAA6-115C99978C71}.Release|ARM64.Build.0 = Release|Any CPU
		{78526E29-C4C4-4771-BAA6-115C99978C71}.Release|iPhone.ActiveCfg = Release|Any CPU
		{78526E29-C4C4-4771-BAA6-115C99978C71}.Release|iPhone.Build.0 = Release|Any CPU
		{78526E29-C4C4-4771-BAA6-115C99978C71}.Release|iPhoneSimulator.ActiveCfg = Release|Any CPU
		{78526E29-C4C4-4771-BAA6-115C99978C71}.Release|iPhoneSimulator.Build.0 = Release|Any CPU
		{78526E29-C4C4-4771-BAA6-115C99978C71}.Release|x64.ActiveCfg = Release|Any CPU
		{78526E29-C4C4-4771-BAA6-115C99978C71}.Release|x64.Build.0 = Release|Any CPU
		{78526E29-C4C4-4771-BAA6-115C99978C71}.Release|x86.ActiveCfg = Release|Any CPU
		{78526E29-C4C4-4771-BAA6-115C99978C71}.Release|x86.Build.0 = Release|Any CPU
		{EC91DD31-E39C-4D6C-BD26-1D70E0B396AE}.Ad-Hoc|Any CPU.ActiveCfg = Debug|Any CPU
		{EC91DD31-E39C-4D6C-BD26-1D70E0B396AE}.Ad-Hoc|Any CPU.Build.0 = Debug|Any CPU
		{EC91DD31-E39C-4D6C-BD26-1D70E0B396AE}.Ad-Hoc|ARM.ActiveCfg = Debug|Any CPU
		{EC91DD31-E39C-4D6C-BD26-1D70E0B396AE}.Ad-Hoc|ARM.Build.0 = Debug|Any CPU
		{EC91DD31-E39C-4D6C-BD26-1D70E0B396AE}.Ad-Hoc|ARM64.ActiveCfg = Debug|Any CPU
		{EC91DD31-E39C-4D6C-BD26-1D70E0B396AE}.Ad-Hoc|ARM64.Build.0 = Debug|Any CPU
		{EC91DD31-E39C-4D6C-BD26-1D70E0B396AE}.Ad-Hoc|iPhone.ActiveCfg = Debug|Any CPU
		{EC91DD31-E39C-4D6C-BD26-1D70E0B396AE}.Ad-Hoc|iPhone.Build.0 = Debug|Any CPU
		{EC91DD31-E39C-4D6C-BD26-1D70E0B396AE}.Ad-Hoc|iPhoneSimulator.ActiveCfg = Debug|Any CPU
		{EC91DD31-E39C-4D6C-BD26-1D70E0B396AE}.Ad-Hoc|iPhoneSimulator.Build.0 = Debug|Any CPU
		{EC91DD31-E39C-4D6C-BD26-1D70E0B396AE}.Ad-Hoc|x64.ActiveCfg = Debug|Any CPU
		{EC91DD31-E39C-4D6C-BD26-1D70E0B396AE}.Ad-Hoc|x64.Build.0 = Debug|Any CPU
		{EC91DD31-E39C-4D6C-BD26-1D70E0B396AE}.Ad-Hoc|x86.ActiveCfg = Debug|Any CPU
		{EC91DD31-E39C-4D6C-BD26-1D70E0B396AE}.Ad-Hoc|x86.Build.0 = Debug|Any CPU
		{EC91DD31-E39C-4D6C-BD26-1D70E0B396AE}.AppStore|Any CPU.ActiveCfg = Debug|Any CPU
		{EC91DD31-E39C-4D6C-BD26-1D70E0B396AE}.AppStore|Any CPU.Build.0 = Debug|Any CPU
		{EC91DD31-E39C-4D6C-BD26-1D70E0B396AE}.AppStore|ARM.ActiveCfg = Debug|Any CPU
		{EC91DD31-E39C-4D6C-BD26-1D70E0B396AE}.AppStore|ARM.Build.0 = Debug|Any CPU
		{EC91DD31-E39C-4D6C-BD26-1D70E0B396AE}.AppStore|ARM64.ActiveCfg = Debug|Any CPU
		{EC91DD31-E39C-4D6C-BD26-1D70E0B396AE}.AppStore|ARM64.Build.0 = Debug|Any CPU
		{EC91DD31-E39C-4D6C-BD26-1D70E0B396AE}.AppStore|iPhone.ActiveCfg = Debug|Any CPU
		{EC91DD31-E39C-4D6C-BD26-1D70E0B396AE}.AppStore|iPhone.Build.0 = Debug|Any CPU
		{EC91DD31-E39C-4D6C-BD26-1D70E0B396AE}.AppStore|iPhoneSimulator.ActiveCfg = Debug|Any CPU
		{EC91DD31-E39C-4D6C-BD26-1D70E0B396AE}.AppStore|iPhoneSimulator.Build.0 = Debug|Any CPU
		{EC91DD31-E39C-4D6C-BD26-1D70E0B396AE}.AppStore|x64.ActiveCfg = Debug|Any CPU
		{EC91DD31-E39C-4D6C-BD26-1D70E0B396AE}.AppStore|x64.Build.0 = Debug|Any CPU
		{EC91DD31-E39C-4D6C-BD26-1D70E0B396AE}.AppStore|x86.ActiveCfg = Debug|Any CPU
		{EC91DD31-E39C-4D6C-BD26-1D70E0B396AE}.AppStore|x86.Build.0 = Debug|Any CPU
		{EC91DD31-E39C-4D6C-BD26-1D70E0B396AE}.Debug|Any CPU.ActiveCfg = Debug|Any CPU
		{EC91DD31-E39C-4D6C-BD26-1D70E0B396AE}.Debug|Any CPU.Build.0 = Debug|Any CPU
		{EC91DD31-E39C-4D6C-BD26-1D70E0B396AE}.Debug|ARM.ActiveCfg = Debug|Any CPU
		{EC91DD31-E39C-4D6C-BD26-1D70E0B396AE}.Debug|ARM.Build.0 = Debug|Any CPU
		{EC91DD31-E39C-4D6C-BD26-1D70E0B396AE}.Debug|ARM64.ActiveCfg = Debug|Any CPU
		{EC91DD31-E39C-4D6C-BD26-1D70E0B396AE}.Debug|ARM64.Build.0 = Debug|Any CPU
		{EC91DD31-E39C-4D6C-BD26-1D70E0B396AE}.Debug|iPhone.ActiveCfg = Debug|Any CPU
		{EC91DD31-E39C-4D6C-BD26-1D70E0B396AE}.Debug|iPhone.Build.0 = Debug|Any CPU
		{EC91DD31-E39C-4D6C-BD26-1D70E0B396AE}.Debug|iPhoneSimulator.ActiveCfg = Debug|Any CPU
		{EC91DD31-E39C-4D6C-BD26-1D70E0B396AE}.Debug|iPhoneSimulator.Build.0 = Debug|Any CPU
		{EC91DD31-E39C-4D6C-BD26-1D70E0B396AE}.Debug|x64.ActiveCfg = Debug|Any CPU
		{EC91DD31-E39C-4D6C-BD26-1D70E0B396AE}.Debug|x64.Build.0 = Debug|Any CPU
		{EC91DD31-E39C-4D6C-BD26-1D70E0B396AE}.Debug|x86.ActiveCfg = Debug|Any CPU
		{EC91DD31-E39C-4D6C-BD26-1D70E0B396AE}.Debug|x86.Build.0 = Debug|Any CPU
		{EC91DD31-E39C-4D6C-BD26-1D70E0B396AE}.Release|Any CPU.ActiveCfg = Release|Any CPU
		{EC91DD31-E39C-4D6C-BD26-1D70E0B396AE}.Release|Any CPU.Build.0 = Release|Any CPU
		{EC91DD31-E39C-4D6C-BD26-1D70E0B396AE}.Release|ARM.ActiveCfg = Release|Any CPU
		{EC91DD31-E39C-4D6C-BD26-1D70E0B396AE}.Release|ARM.Build.0 = Release|Any CPU
		{EC91DD31-E39C-4D6C-BD26-1D70E0B396AE}.Release|ARM64.ActiveCfg = Release|Any CPU
		{EC91DD31-E39C-4D6C-BD26-1D70E0B396AE}.Release|ARM64.Build.0 = Release|Any CPU
		{EC91DD31-E39C-4D6C-BD26-1D70E0B396AE}.Release|iPhone.ActiveCfg = Release|Any CPU
		{EC91DD31-E39C-4D6C-BD26-1D70E0B396AE}.Release|iPhone.Build.0 = Release|Any CPU
		{EC91DD31-E39C-4D6C-BD26-1D70E0B396AE}.Release|iPhoneSimulator.ActiveCfg = Release|Any CPU
		{EC91DD31-E39C-4D6C-BD26-1D70E0B396AE}.Release|iPhoneSimulator.Build.0 = Release|Any CPU
		{EC91DD31-E39C-4D6C-BD26-1D70E0B396AE}.Release|x64.ActiveCfg = Release|Any CPU
		{EC91DD31-E39C-4D6C-BD26-1D70E0B396AE}.Release|x64.Build.0 = Release|Any CPU
		{EC91DD31-E39C-4D6C-BD26-1D70E0B396AE}.Release|x86.ActiveCfg = Release|Any CPU
		{EC91DD31-E39C-4D6C-BD26-1D70E0B396AE}.Release|x86.Build.0 = Release|Any CPU
	EndGlobalSection
	GlobalSection(SolutionProperties) = preSolution
		HideSolutionNode = FALSE
	EndGlobalSection
	GlobalSection(NestedProjects) = preSolution
		{E05DB577-91A2-438F-9F53-5EFA29DA9D8D} = {B33CA1B4-44EE-4E67-ACF2-8DD48F6F5423}
		{C37AB4BC-83EF-408D-BB63-FB8BFECA173C} = {B33CA1B4-44EE-4E67-ACF2-8DD48F6F5423}
		{F589BF22-3484-4C68-B7E2-4583E0CEE3B7} = {B33CA1B4-44EE-4E67-ACF2-8DD48F6F5423}
		{EC120F62-BA08-40DC-9760-6774B6A956A6} = {B33CA1B4-44EE-4E67-ACF2-8DD48F6F5423}
		{53611E66-5396-43B9-97C2-DE99465DFFC0} = {B33CA1B4-44EE-4E67-ACF2-8DD48F6F5423}
		{04E18E4A-4F8D-44C0-829E-8597BE4A4882} = {A9E58E42-F1A9-48BC-B774-40F7EE26D851}
		{D44259AC-A2CB-454D-A28E-71D8EC230E51} = {A9E58E42-F1A9-48BC-B774-40F7EE26D851}
		{28315C83-4516-42D3-9CD8-4EB4CDAB054E} = {2D2FA44C-3978-4BAD-A900-D5C5CD0CBC7E}
		{6B167CF1-E013-4F82-986F-D5FB6186DA4C} = {2D2FA44C-3978-4BAD-A900-D5C5CD0CBC7E}
		{20C159CB-3D22-495A-ABFD-BED0D2D3509F} = {2D2FA44C-3978-4BAD-A900-D5C5CD0CBC7E}
		{52CD3282-385B-43BA-9ECB-572ECC28F956} = {2D2FA44C-3978-4BAD-A900-D5C5CD0CBC7E}
		{BD705AE8-C6AC-42DD-B7F5-4E9D7E9AF6CF} = {2D2FA44C-3978-4BAD-A900-D5C5CD0CBC7E}
		{78526E29-C4C4-4771-BAA6-115C99978C71} = {2D2FA44C-3978-4BAD-A900-D5C5CD0CBC7E}
		{EC91DD31-E39C-4D6C-BD26-1D70E0B396AE} = {2D2FA44C-3978-4BAD-A900-D5C5CD0CBC7E}
	EndGlobalSection
	GlobalSection(ExtensibilityGlobals) = postSolution
		SolutionGuid = {C7433AE2-B1A0-4C1A-887E-5CAA7AAF67A6}
	EndGlobalSection
EndGlobal
